PODS:
  - BFPaperButton (2.1.1)
  - Bolts/Tasks (1.8.4)
  - CBStoreHouseRefreshControl (1.0)
  - Colours (5.13.0):
    - Colours/ObjC (= 5.13.0)
  - Colours/ObjC (5.13.0)
  - CSStickyHeaderFlowLayout (0.2.11)
  - DPMeterView (0.0.1)
  - FlatUIKit (1.6.2)
  - FXBlurView (1.6.4)
  - HMSegmentedControl (1.5.3)
  - HTKDynamicResizingCell (0.0.2)
  - NSDate+TimeAgo (1.0.6)
  - OMGHTTPURLRQ (2.1.3):
    - OMGHTTPURLRQ/RQ (= 2.1.3)
  - OMGHTTPURLRQ/FormURLEncode (2.1.3)
  - OMGHTTPURLRQ/RQ (2.1.3):
    - OMGHTTPURLRQ/FormURLEncode
    - OMGHTTPURLRQ/UserAgent
  - OMGHTTPURLRQ/UserAgent (2.1.3)
  - Parse (1.14.2):
    - Bolts/Tasks (~> 1.8)
  - ParseUI (1.2.0):
    - Bolts/Tasks (~> 1.3)
    - Parse (~> 1.9)
  - PromiseKit (1.7.2):
    - PromiseKit/CALayer (= 1.7.2)
    - PromiseKit/NSNotificationCenter (= 1.7.2)
    - PromiseKit/NSURLConnection (= 1.7.2)
    - PromiseKit/Pause (= 1.7.2)
    - PromiseKit/UIActionSheet (= 1.7.2)
    - PromiseKit/UIAlertView (= 1.7.2)
    - PromiseKit/UIView (= 1.7.2)
    - PromiseKit/UIViewController (= 1.7.2)
    - PromiseKit/Until (= 1.7.2)
    - PromiseKit/When (= 1.7.2)
  - PromiseKit/CALayer (1.7.2):
    - PromiseKit/Promise
  - PromiseKit/NSNotificationCenter (1.7.2):
    - PromiseKit/Promise
  - PromiseKit/NSURLConnection (1.7.2):
    - OMGHTTPURLRQ (~> 2.1)
    - PromiseKit/Promise
  - PromiseKit/Pause (1.7.2):
    - PromiseKit/Promise
  - PromiseKit/Promise (1.7.2)
  - PromiseKit/UIActionSheet (1.7.2):
    - PromiseKit/Promise
  - PromiseKit/UIAlertView (1.7.2):
    - PromiseKit/Promise
  - PromiseKit/UIView (1.7.2):
    - PromiseKit/Promise
  - PromiseKit/UIViewController (1.7.2):
    - PromiseKit/Promise
  - PromiseKit/Until (1.7.2):
    - PromiseKit/Promise
    - PromiseKit/When
  - PromiseKit/When (1.7.2):
    - PromiseKit/Promise
  - PureLayout (3.0.2)
  - RDVTabBarController (1.1.9)
  - ReactiveCocoa (2.5):
    - ReactiveCocoa/UI (= 2.5)
  - ReactiveCocoa/Core (2.5):
    - ReactiveCocoa/no-arc
  - ReactiveCocoa/no-arc (2.5)
  - ReactiveCocoa/UI (2.5):
    - ReactiveCocoa/Core
  - Realm (0.101.0):
    - Realm/Headers (= 0.101.0)
  - Realm/Headers (0.101.0)
  - Reveal-iOS-SDK (1.6.2)
  - SDWebImage (3.8.2):
    - SDWebImage/Core (= 3.8.2)
  - SDWebImage/Core (3.8.2)
  - SMScrollView (0.1.0)
  - SVProgressHUD (2.1.2)
  - TMCache (1.2.4)
  - TOMSMorphingLabel (0.5.1)
  - UAProgressView (0.1.3)
  - XCDYouTubeKit (2.1.3)

DEPENDENCIES:
  - BFPaperButton (~> 2.0)
  - CBStoreHouseRefreshControl
  - Colours (~> 5.6)
  - CSStickyHeaderFlowLayout (~> 0.2)
  - DPMeterView (= 0.0.1)
  - FlatUIKit (~> 1.6)
  - FXBlurView (~> 1.6)
  - HMSegmentedControl
  - HTKDynamicResizingCell (~> 0.0.1)
  - NSDate+TimeAgo
  - Parse
  - ParseUI
  - PromiseKit (~> 1.4)
  - PureLayout
  - RDVTabBarController
  - ReactiveCocoa
  - Realm (~> 0.101.0)
  - Reveal-iOS-SDK
  - SDWebImage (~> 3.6)
  - SMScrollView
  - SVProgressHUD
  - TMCache (~> 1.2)
  - TOMSMorphingLabel (~> 0.5)
  - UAProgressView
  - XCDYouTubeKit (~> 2.1.1)

SPEC CHECKSUMS:
  BFPaperButton: c76835e789669f64d600dc68934cc60fbb550bb9
  Bolts: 8a7995239dbe724f9cba2248b766d48b7ebdd322
  CBStoreHouseRefreshControl: a814bd725e74ff4c1e8dd96eb02358199b0da04f
  Colours: f24220c38f13deac88612667e9b4a7fb96b871d4
  CSStickyHeaderFlowLayout: e9bcb1762413f49d7d09e5bd0ae5efd1100116b7
  DPMeterView: a49f039d0dde33c2d3933c518c1b007dc5316951
  FlatUIKit: 1b41f0d4952ce8d970d8479ce79df54a960242c4
  FXBlurView: db786c2561cb49a09ae98407f52460096ab8a44f
  HMSegmentedControl: 7c6145afb50f26cec5f3243082f6f12b9f41318f
  HTKDynamicResizingCell: 9358514816f0737a8d20329617ee126a1498357c
  NSDate+TimeAgo: 35601c619b2d59290055e4fe76e61d97677a2360
  OMGHTTPURLRQ: c4268dea4295b585d711055dbcd87bfa82badd5f
  Parse: 4335d65f40cb3d43190d723144bbe1afb9c38230
  ParseUI: af2eba584799da4a9fbdac0e178662d7438b502e
  PromiseKit: 102844c7b5ccff53f693e0710365c445d8df3871
  PureLayout: 4d550abe49a94f24c2808b9b95db9131685fe4cd
  RDVTabBarController: 67794f7a7a37f8e32f046f85ac67d06ab92d624a
  ReactiveCocoa: e2db045570aa97c695e7aa97c2bcab222ae51f4a
  Realm: b21596d6d7e1c054f6fae967d27263d2593ca309
  Reveal-iOS-SDK: e2250b3c155bcfac53ae223ddc1f76d08f206c33
  SDWebImage: 098e97e6176540799c27e804c96653ee0833d13c
  SMScrollView: 5eb8928f90f5296cf65e0c8d23a7968e043bbf30
  SVProgressHUD: c404a55d78acbeb7ebb78b76d3faf986475a6994
  TMCache: a93984b045a5ee84bd8941bd5e0b54296059cc52
  TOMSMorphingLabel: 3e88a2bf5257f8993ebc51fb3109187a0bfb2c4d
  UAProgressView: ce49aee47c14df6dc372f6fd57852f570ca97e6b
  XCDYouTubeKit: ca3120218413fdd141567ca98b5418df309b1ced

PODFILE CHECKSUM: 26440769bc866ed9e793cd11282fe50525d75736

COCOAPODS: 1.2.0.rc.1
