// !$*UTF8*$!
{
	archiveVersion = 1;
	classes = {
	};
	objectVersion = 46;
	objects = {

/* Begin PBXBuildFile section */
		210A815E1AC5FFE80091C134 /* DILNotificationsViewController.m in Sources */ = {isa = PBXBuildFile; fileRef = 210A815D1AC5FFE80091C134 /* DILNotificationsViewController.m */; };
		210A81611AC6009B0091C134 /* DILNotificationsTableViewModel.m in Sources */ = {isa = PBXBuildFile; fileRef = 210A81601AC6009B0091C134 /* DILNotificationsTableViewModel.m */; };
		210A81641AC609DA0091C134 /* DILNotificationHTKTableViewCell.m in Sources */ = {isa = PBXBuildFile; fileRef = 210A81631AC609DA0091C134 /* DILNotificationHTKTableViewCell.m */; };
		210A81681AC625A80091C134 /* DILLineupViewController.m in Sources */ = {isa = PBXBuildFile; fileRef = 210A81671AC625A80091C134 /* DILLineupViewController.m */; };
		210A816B1AC626DD0091C134 /* DILLineupCollectionViewModel.m in Sources */ = {isa = PBXBuildFile; fileRef = 210A816A1AC626DD0091C134 /* DILLineupCollectionViewModel.m */; };
		210A816E1AC629520091C134 /* DILLineupCenterTextCollectionViewCell.m in Sources */ = {isa = PBXBuildFile; fileRef = 210A816D1AC629520091C134 /* DILLineupCenterTextCollectionViewCell.m */; };
		210FBBE11AF73951009896D2 /* DILMapViewController.m in Sources */ = {isa = PBXBuildFile; fileRef = 210FBBE01AF73951009896D2 /* DILMapViewController.m */; };
		210FE30C1AD78E32009BC3DE /* DILHelpViewController.m in Sources */ = {isa = PBXBuildFile; fileRef = 210FE30B1AD78E32009BC3DE /* DILHelpViewController.m */; };
		210FE32D1AD795D2009BC3DE /* SVWebViewController.strings in Resources */ = {isa = PBXBuildFile; fileRef = 210FE30E1AD795D2009BC3DE /* SVWebViewController.strings */; };
		210FE32E1AD795D2009BC3DE /* SVModalWebViewController.m in Sources */ = {isa = PBXBuildFile; fileRef = 210FE3181AD795D2009BC3DE /* SVModalWebViewController.m */; };
		210FE32F1AD795D2009BC3DE /* SVWebViewController.bundle in Resources */ = {isa = PBXBuildFile; fileRef = 210FE3191AD795D2009BC3DE /* SVWebViewController.bundle */; };
		210FE3301AD795D2009BC3DE /* SVWebViewController.m in Sources */ = {isa = PBXBuildFile; fileRef = 210FE31B1AD795D2009BC3DE /* SVWebViewController.m */; };
		210FE3311AD795D2009BC3DE /* SVWebViewControllerActivityChrome-iPad.png in Resources */ = {isa = PBXBuildFile; fileRef = 210FE31E1AD795D2009BC3DE /* SVWebViewControllerActivityChrome-iPad.png */; };
		210FE3321AD795D2009BC3DE /* SVWebViewControllerActivityChrome-iPad@2x.png in Resources */ = {isa = PBXBuildFile; fileRef = 210FE31F1AD795D2009BC3DE /* SVWebViewControllerActivityChrome-iPad@2x.png */; };
		210FE3331AD795D2009BC3DE /* SVWebViewControllerActivityChrome.m in Sources */ = {isa = PBXBuildFile; fileRef = 210FE3211AD795D2009BC3DE /* SVWebViewControllerActivityChrome.m */; };
		210FE3341AD795D2009BC3DE /* SVWebViewControllerActivityChrome@2x.png in Resources */ = {isa = PBXBuildFile; fileRef = 210FE3221AD795D2009BC3DE /* SVWebViewControllerActivityChrome@2x.png */; };
		210FE3351AD795D2009BC3DE /* SVWebViewControllerActivitySafari-iPad.png in Resources */ = {isa = PBXBuildFile; fileRef = 210FE3241AD795D2009BC3DE /* SVWebViewControllerActivitySafari-iPad.png */; };
		210FE3361AD795D2009BC3DE /* SVWebViewControllerActivitySafari-iPad@2x.png in Resources */ = {isa = PBXBuildFile; fileRef = 210FE3251AD795D2009BC3DE /* SVWebViewControllerActivitySafari-iPad@2x.png */; };
		210FE3371AD795D2009BC3DE /* SVWebViewControllerActivitySafari.m in Sources */ = {isa = PBXBuildFile; fileRef = 210FE3271AD795D2009BC3DE /* SVWebViewControllerActivitySafari.m */; };
		210FE3381AD795D2009BC3DE /* SVWebViewControllerActivitySafari@2x.png in Resources */ = {isa = PBXBuildFile; fileRef = 210FE3281AD795D2009BC3DE /* SVWebViewControllerActivitySafari@2x.png */; };
		210FE3391AD795D2009BC3DE /* SVWebViewControllerActivity.m in Sources */ = {isa = PBXBuildFile; fileRef = 210FE32A1AD795D2009BC3DE /* SVWebViewControllerActivity.m */; };
		21171CEA1ADDF4CB00CDDFBD /* DilloDayStyleKit.m in Sources */ = {isa = PBXBuildFile; fileRef = 21171CE81ADDF4CB00CDDFBD /* DilloDayStyleKit.m */; };
		21171CF91ADDF57800CDDFBD /* SIL Open Font License.txt in Resources */ = {isa = PBXBuildFile; fileRef = 21171CEC1ADDF57800CDDFBD /* SIL Open Font License.txt */; };
		21171CFA1ADDF57800CDDFBD /* SourceSansPro-Black.otf in Resources */ = {isa = PBXBuildFile; fileRef = 21171CED1ADDF57800CDDFBD /* SourceSansPro-Black.otf */; };
		21171CFB1ADDF57800CDDFBD /* SourceSansPro-BlackIt.otf in Resources */ = {isa = PBXBuildFile; fileRef = 21171CEE1ADDF57800CDDFBD /* SourceSansPro-BlackIt.otf */; };
		21171CFC1ADDF57800CDDFBD /* SourceSansPro-Bold.otf in Resources */ = {isa = PBXBuildFile; fileRef = 21171CEF1ADDF57800CDDFBD /* SourceSansPro-Bold.otf */; };
		21171CFD1ADDF57800CDDFBD /* SourceSansPro-BoldIt.otf in Resources */ = {isa = PBXBuildFile; fileRef = 21171CF01ADDF57800CDDFBD /* SourceSansPro-BoldIt.otf */; };
		21171CFE1ADDF57800CDDFBD /* SourceSansPro-ExtraLight.otf in Resources */ = {isa = PBXBuildFile; fileRef = 21171CF11ADDF57800CDDFBD /* SourceSansPro-ExtraLight.otf */; };
		21171CFF1ADDF57800CDDFBD /* SourceSansPro-ExtraLightIt.otf in Resources */ = {isa = PBXBuildFile; fileRef = 21171CF21ADDF57800CDDFBD /* SourceSansPro-ExtraLightIt.otf */; };
		21171D001ADDF57800CDDFBD /* SourceSansPro-It.otf in Resources */ = {isa = PBXBuildFile; fileRef = 21171CF31ADDF57800CDDFBD /* SourceSansPro-It.otf */; };
		21171D011ADDF57800CDDFBD /* SourceSansPro-Light.otf in Resources */ = {isa = PBXBuildFile; fileRef = 21171CF41ADDF57800CDDFBD /* SourceSansPro-Light.otf */; };
		21171D021ADDF57800CDDFBD /* SourceSansPro-LightIt.otf in Resources */ = {isa = PBXBuildFile; fileRef = 21171CF51ADDF57800CDDFBD /* SourceSansPro-LightIt.otf */; };
		21171D031ADDF57800CDDFBD /* SourceSansPro-Regular.otf in Resources */ = {isa = PBXBuildFile; fileRef = 21171CF61ADDF57800CDDFBD /* SourceSansPro-Regular.otf */; };
		21171D041ADDF57800CDDFBD /* SourceSansPro-Semibold.otf in Resources */ = {isa = PBXBuildFile; fileRef = 21171CF71ADDF57800CDDFBD /* SourceSansPro-Semibold.otf */; };
		21171D051ADDF57800CDDFBD /* SourceSansPro-SemiboldIt.otf in Resources */ = {isa = PBXBuildFile; fileRef = 21171CF81ADDF57800CDDFBD /* SourceSansPro-SemiboldIt.otf */; };
		21171D101ADE002E00CDDFBD /* Paratype PT Sans Free Font License.txt in Resources */ = {isa = PBXBuildFile; fileRef = 21171D071ADE002E00CDDFBD /* Paratype PT Sans Free Font License.txt */; };
		21171D111ADE002E00CDDFBD /* PTC55F.ttf in Resources */ = {isa = PBXBuildFile; fileRef = 21171D081ADE002E00CDDFBD /* PTC55F.ttf */; };
		21171D121ADE002E00CDDFBD /* PTC75F.ttf in Resources */ = {isa = PBXBuildFile; fileRef = 21171D091ADE002E00CDDFBD /* PTC75F.ttf */; };
		21171D131ADE002E00CDDFBD /* PTN57F.ttf in Resources */ = {isa = PBXBuildFile; fileRef = 21171D0A1ADE002E00CDDFBD /* PTN57F.ttf */; };
		21171D141ADE002E00CDDFBD /* PTN77F.ttf in Resources */ = {isa = PBXBuildFile; fileRef = 21171D0B1ADE002E00CDDFBD /* PTN77F.ttf */; };
		21171D151ADE002E00CDDFBD /* PTS55F.ttf in Resources */ = {isa = PBXBuildFile; fileRef = 21171D0C1ADE002E00CDDFBD /* PTS55F.ttf */; };
		21171D161ADE002E00CDDFBD /* PTS56F.ttf in Resources */ = {isa = PBXBuildFile; fileRef = 21171D0D1ADE002E00CDDFBD /* PTS56F.ttf */; };
		21171D171ADE002E00CDDFBD /* PTS75F.ttf in Resources */ = {isa = PBXBuildFile; fileRef = 21171D0E1ADE002E00CDDFBD /* PTS75F.ttf */; };
		21171D181ADE002E00CDDFBD /* PTS76F.ttf in Resources */ = {isa = PBXBuildFile; fileRef = 21171D0F1ADE002E00CDDFBD /* PTS76F.ttf */; };
		211A11D31AF03913008EB8C1 /* storehouse.plist in Resources */ = {isa = PBXBuildFile; fileRef = 211A11D21AF03913008EB8C1 /* storehouse.plist */; };
		212028661AA8362B00E9E028 /* UIView+FindUIViewController.m in Sources */ = {isa = PBXBuildFile; fileRef = 212028651AA8362B00E9E028 /* UIView+FindUIViewController.m */; };
		214C5D901A8D60D7009BC7F0 /* AudioToolbox.framework in Frameworks */ = {isa = PBXBuildFile; fileRef = 214C5D8F1A8D60D7009BC7F0 /* AudioToolbox.framework */; };
		214C5D921A8D60DD009BC7F0 /* CFNetwork.framework in Frameworks */ = {isa = PBXBuildFile; fileRef = 214C5D911A8D60DD009BC7F0 /* CFNetwork.framework */; };
		214C5D941A8D60E3009BC7F0 /* CoreGraphics.framework in Frameworks */ = {isa = PBXBuildFile; fileRef = 214C5D931A8D60E3009BC7F0 /* CoreGraphics.framework */; };
		214C5D961A8D60E9009BC7F0 /* CoreLocation.framework in Frameworks */ = {isa = PBXBuildFile; fileRef = 214C5D951A8D60E9009BC7F0 /* CoreLocation.framework */; };
		214C5D981A8D60F1009BC7F0 /* MobileCoreServices.framework in Frameworks */ = {isa = PBXBuildFile; fileRef = 214C5D971A8D60F1009BC7F0 /* MobileCoreServices.framework */; };
		214C5D9A1A8D60F8009BC7F0 /* Security.framework in Frameworks */ = {isa = PBXBuildFile; fileRef = 214C5D991A8D60F8009BC7F0 /* Security.framework */; };
		214C5D9E1A8D6104009BC7F0 /* SystemConfiguration.framework in Frameworks */ = {isa = PBXBuildFile; fileRef = 214C5D9D1A8D6104009BC7F0 /* SystemConfiguration.framework */; };
		214C5DA01A8D610B009BC7F0 /* libz.1.1.3.dylib in Frameworks */ = {isa = PBXBuildFile; fileRef = 214C5D9F1A8D610B009BC7F0 /* libz.1.1.3.dylib */; };
		214C5DA21A8D6114009BC7F0 /* libsqlite3.dylib in Frameworks */ = {isa = PBXBuildFile; fileRef = 214C5DA11A8D6114009BC7F0 /* libsqlite3.dylib */; };
		214C5DA41A8D611A009BC7F0 /* Accounts.framework in Frameworks */ = {isa = PBXBuildFile; fileRef = 214C5DA31A8D611A009BC7F0 /* Accounts.framework */; };
		214C5DA61A8D6133009BC7F0 /* Social.framework in Frameworks */ = {isa = PBXBuildFile; fileRef = 214C5DA51A8D6133009BC7F0 /* Social.framework */; };
		214FD6CA1AA5542D001D6619 /* UIFont+SytemFontOverride.m in Sources */ = {isa = PBXBuildFile; fileRef = 214FD6C91AA5542D001D6619 /* UIFont+SytemFontOverride.m */; };
		214FD6D21AA55D9E001D6619 /* FMParallaxImageView.m in Sources */ = {isa = PBXBuildFile; fileRef = 214FD6D11AA55D9E001D6619 /* FMParallaxImageView.m */; };
		215675931AD05A2B006CA2F2 /* DILArtistMusicViewCell.m in Sources */ = {isa = PBXBuildFile; fileRef = 215675921AD05A2B006CA2F2 /* DILArtistMusicViewCell.m */; };
		2159BC301ACB7CB000D48F5F /* DILFakeDataGenerator.m in Sources */ = {isa = PBXBuildFile; fileRef = 2159BC2F1ACB7CB000D48F5F /* DILFakeDataGenerator.m */; };
		2159BC331ACB8C3E00D48F5F /* NSDate+Utilities.m in Sources */ = {isa = PBXBuildFile; fileRef = 2159BC311ACB8C3E00D48F5F /* NSDate+Utilities.m */; };
		2159BC371ACC422000D48F5F /* DILFollowArtist.m in Sources */ = {isa = PBXBuildFile; fileRef = 2159BC361ACC422000D48F5F /* DILFollowArtist.m */; };
		215BB6711AEC31170062BA50 /* DILLineupParallaxCollectionViewCell.m in Sources */ = {isa = PBXBuildFile; fileRef = 215BB6701AEC31170062BA50 /* DILLineupParallaxCollectionViewCell.m */; };
		215BB6741AEC38270062BA50 /* FMEParallaxPFImageView.m in Sources */ = {isa = PBXBuildFile; fileRef = 215BB6731AEC38270062BA50 /* FMEParallaxPFImageView.m */; };
		21636D1D1B0A5787000B0F7F /* PBYouTubeVideoView.html in Resources */ = {isa = PBXBuildFile; fileRef = 21636D111B0A5787000B0F7F /* PBYouTubeVideoView.html */; };
		21636D1E1B0A5787000B0F7F /* PBYouTubeVideoViewController.m in Sources */ = {isa = PBXBuildFile; fileRef = 21636D131B0A5787000B0F7F /* PBYouTubeVideoViewController.m */; };
		216487521AF82DA3002D785C /* DILShuttleScheduleViewController.m in Sources */ = {isa = PBXBuildFile; fileRef = 216487511AF82DA3002D785C /* DILShuttleScheduleViewController.m */; };
		216D64E21AF8100D00C91D5F /* Images.xcassets in Resources */ = {isa = PBXBuildFile; fileRef = 216D64E11AF8100D00C91D5F /* Images.xcassets */; };
		216D64E51AF8121600C91D5F /* DILPFShuttleSchedule.m in Sources */ = {isa = PBXBuildFile; fileRef = 216D64E41AF8121600C91D5F /* DILPFShuttleSchedule.m */; };
		217946B21A87C96100224737 /* main.m in Sources */ = {isa = PBXBuildFile; fileRef = 217946B11A87C96100224737 /* main.m */; };
		217946B51A87C96100224737 /* AppDelegate.m in Sources */ = {isa = PBXBuildFile; fileRef = 217946B41A87C96100224737 /* AppDelegate.m */; };
		217946C01A87C96100224737 /* LaunchScreen.xib in Resources */ = {isa = PBXBuildFile; fileRef = 217946BE1A87C96100224737 /* LaunchScreen.xib */; };
		217946CC1A87C96100224737 /* Dillo_DayTests.m in Sources */ = {isa = PBXBuildFile; fileRef = 217946CB1A87C96100224737 /* Dillo_DayTests.m */; };
		217A8EE51AD89B2C0046F45F /* DILPushNotificationHandler.m in Sources */ = {isa = PBXBuildFile; fileRef = 217A8EE41AD89B2C0046F45F /* DILPushNotificationHandler.m */; };
		217A8EE81AD89B5C0046F45F /* DILNotification.m in Sources */ = {isa = PBXBuildFile; fileRef = 217A8EE71AD89B5C0046F45F /* DILNotification.m */; };
		217D91D41A9E65F0006F3ABB /* DDConstants.m in Sources */ = {isa = PBXBuildFile; fileRef = 217D91D31A9E65F0006F3ABB /* DDConstants.m */; };
		219155541AD4BCA800FC61E8 /* CarbonTabSwipeNavigation.m in Sources */ = {isa = PBXBuildFile; fileRef = 219155531AD4BCA800FC61E8 /* CarbonTabSwipeNavigation.m */; };
		21A175811AE98F770094E5C2 /* DILStageSelectTitleView.m in Sources */ = {isa = PBXBuildFile; fileRef = 21A175801AE98F770094E5C2 /* DILStageSelectTitleView.m */; };
		21A175871AE99ADA0094E5C2 /* DILStageSelectView.m in Sources */ = {isa = PBXBuildFile; fileRef = 21A175861AE99ADA0094E5C2 /* DILStageSelectView.m */; };
		21BAFE381ACE15B1003F5ADD /* DILArtistStickyHeaderCollectionViewCell.m in Sources */ = {isa = PBXBuildFile; fileRef = 21BAFE371ACE15B1003F5ADD /* DILArtistStickyHeaderCollectionViewCell.m */; };
		21BAFE3B1ACE1C49003F5ADD /* DILArtistViewController.m in Sources */ = {isa = PBXBuildFile; fileRef = 21BAFE3A1ACE1C49003F5ADD /* DILArtistViewController.m */; };
		21BAFE3E1ACE1D11003F5ADD /* DILArtistCollectionViewModel.m in Sources */ = {isa = PBXBuildFile; fileRef = 21BAFE3D1ACE1D11003F5ADD /* DILArtistCollectionViewModel.m */; };
		21BAFE411ACF1CB7003F5ADD /* DILArtistBioHTKCollectionViewCell.m in Sources */ = {isa = PBXBuildFile; fileRef = 21BAFE401ACF1CB7003F5ADD /* DILArtistBioHTKCollectionViewCell.m */; };
		21C4AE431AE9C86D005A911E /* DILStageSelectTableViewCell.m in Sources */ = {isa = PBXBuildFile; fileRef = 21C4AE421AE9C86D005A911E /* DILStageSelectTableViewCell.m */; };
		21C4AE461AE9D4C1005A911E /* DILLineupCenterTextCollectionViewCellRadialShadowView.m in Sources */ = {isa = PBXBuildFile; fileRef = 21C4AE451AE9D4C1005A911E /* DILLineupCenterTextCollectionViewCellRadialShadowView.m */; };
		21C4C10E1AC74C9900AE4561 /* DILPFArtist.m in Sources */ = {isa = PBXBuildFile; fileRef = 21C4C10D1AC74C9900AE4561 /* DILPFArtist.m */; };
		21C4C1111AC74F8C00AE4561 /* DILPFSponsor.m in Sources */ = {isa = PBXBuildFile; fileRef = 21C4C1101AC74F8C00AE4561 /* DILPFSponsor.m */; };
		21C4C1141AC750EE00AE4561 /* DILPFStage.m in Sources */ = {isa = PBXBuildFile; fileRef = 21C4C1131AC750EE00AE4561 /* DILPFStage.m */; };
		21D593931AEB388A00339787 /* DILArtistSponsorCollectionViewCell.m in Sources */ = {isa = PBXBuildFile; fileRef = 21D593921AEB388A00339787 /* DILArtistSponsorCollectionViewCell.m */; };
		21D593961AEC21B000339787 /* FMEParallaxImageView.m in Sources */ = {isa = PBXBuildFile; fileRef = 21D593951AEC21B000339787 /* FMEParallaxImageView.m */; };
		21DEA9731AD436D000987379 /* UIApplication+NetworkActivityIndicator.m in Sources */ = {isa = PBXBuildFile; fileRef = 21DEA9721AD436D000987379 /* UIApplication+NetworkActivityIndicator.m */; };
		21E6976C1AF4359A00494FA9 /* DILPFMap.m in Sources */ = {isa = PBXBuildFile; fileRef = 21E6976B1AF4359A00494FA9 /* DILPFMap.m */; };
		21E7B1DC1AF9954900FAD992 /* PFNotification.m in Sources */ = {isa = PBXBuildFile; fileRef = 21E7B1DB1AF9954900FAD992 /* PFNotification.m */; };
		21EEC92B1AD61A1B00C968E9 /* DILParseClassGeneration.m in Sources */ = {isa = PBXBuildFile; fileRef = 21EEC92A1AD61A1B00C968E9 /* DILParseClassGeneration.m */; };
		41622D61DBCDC77216A73D20 /* libPods-Dillo Day.a in Frameworks */ = {isa = PBXBuildFile; fileRef = B628256970EB885798A2F3A3 /* libPods-Dillo Day.a */; };
		556ADC61DA57ADA2EAB7887C /* libPods-Dillo DayTests.a in Frameworks */ = {isa = PBXBuildFile; fileRef = 4C8ECCFD0B2D85200EB4A438 /* libPods-Dillo DayTests.a */; };
		9455FD341C5571EC00E83AC2 /* MapKit.framework in Frameworks */ = {isa = PBXBuildFile; fileRef = 9455FD331C5571EC00E83AC2 /* MapKit.framework */; };
		94BE92601EA8641E009B7A72 /* DILLineupCellViewController.m in Sources */ = {isa = PBXBuildFile; fileRef = 94BE925F1EA8641E009B7A72 /* DILLineupCellViewController.m */; };
		94C31FF91C70E0AC007C6560 /* Spotify.framework in Frameworks */ = {isa = PBXBuildFile; fileRef = 94C31FF81C70E0AC007C6560 /* Spotify.framework */; };
		94C31FFB1C70E283007C6560 /* AVFoundation.framework in Frameworks */ = {isa = PBXBuildFile; fileRef = 94C31FFA1C70E283007C6560 /* AVFoundation.framework */; };
/* End PBXBuildFile section */

/* Begin PBXContainerItemProxy section */
		217946C61A87C96100224737 /* PBXContainerItemProxy */ = {
			isa = PBXContainerItemProxy;
			containerPortal = 217946A41A87C96100224737 /* Project object */;
			proxyType = 1;
			remoteGlobalIDString = 217946AB1A87C96100224737;
			remoteInfo = "Dillo Day";
		};
/* End PBXContainerItemProxy section */

/* Begin PBXFileReference section */
		08DD7E9C54A26095BAD90348 /* Pods-Dillo DayTests.release.xcconfig */ = {isa = PBXFileReference; includeInIndex = 1; lastKnownFileType = text.xcconfig; name = "Pods-Dillo DayTests.release.xcconfig"; path = "Pods/Target Support Files/Pods-Dillo DayTests/Pods-Dillo DayTests.release.xcconfig"; sourceTree = "<group>"; };
		210A815C1AC5FFE80091C134 /* DILNotificationsViewController.h */ = {isa = PBXFileReference; fileEncoding = 4; lastKnownFileType = sourcecode.c.h; path = DILNotificationsViewController.h; sourceTree = "<group>"; };
		210A815D1AC5FFE80091C134 /* DILNotificationsViewController.m */ = {isa = PBXFileReference; fileEncoding = 4; lastKnownFileType = sourcecode.c.objc; path = DILNotificationsViewController.m; sourceTree = "<group>"; };
		210A815F1AC6009B0091C134 /* DILNotificationsTableViewModel.h */ = {isa = PBXFileReference; fileEncoding = 4; lastKnownFileType = sourcecode.c.h; path = DILNotificationsTableViewModel.h; sourceTree = "<group>"; };
		210A81601AC6009B0091C134 /* DILNotificationsTableViewModel.m */ = {isa = PBXFileReference; fileEncoding = 4; lastKnownFileType = sourcecode.c.objc; path = DILNotificationsTableViewModel.m; sourceTree = "<group>"; };
		210A81621AC609DA0091C134 /* DILNotificationHTKTableViewCell.h */ = {isa = PBXFileReference; fileEncoding = 4; lastKnownFileType = sourcecode.c.h; path = DILNotificationHTKTableViewCell.h; sourceTree = "<group>"; };
		210A81631AC609DA0091C134 /* DILNotificationHTKTableViewCell.m */ = {isa = PBXFileReference; fileEncoding = 4; lastKnownFileType = sourcecode.c.objc; path = DILNotificationHTKTableViewCell.m; sourceTree = "<group>"; };
		210A81661AC625A80091C134 /* DILLineupViewController.h */ = {isa = PBXFileReference; fileEncoding = 4; lastKnownFileType = sourcecode.c.h; path = DILLineupViewController.h; sourceTree = "<group>"; };
		210A81671AC625A80091C134 /* DILLineupViewController.m */ = {isa = PBXFileReference; fileEncoding = 4; lastKnownFileType = sourcecode.c.objc; path = DILLineupViewController.m; sourceTree = "<group>"; };
		210A81691AC626DD0091C134 /* DILLineupCollectionViewModel.h */ = {isa = PBXFileReference; fileEncoding = 4; lastKnownFileType = sourcecode.c.h; path = DILLineupCollectionViewModel.h; sourceTree = "<group>"; };
		210A816A1AC626DD0091C134 /* DILLineupCollectionViewModel.m */ = {isa = PBXFileReference; fileEncoding = 4; lastKnownFileType = sourcecode.c.objc; path = DILLineupCollectionViewModel.m; sourceTree = "<group>"; };
		210A816C1AC629520091C134 /* DILLineupCenterTextCollectionViewCell.h */ = {isa = PBXFileReference; fileEncoding = 4; lastKnownFileType = sourcecode.c.h; path = DILLineupCenterTextCollectionViewCell.h; sourceTree = "<group>"; };
		210A816D1AC629520091C134 /* DILLineupCenterTextCollectionViewCell.m */ = {isa = PBXFileReference; fileEncoding = 4; lastKnownFileType = sourcecode.c.objc; path = DILLineupCenterTextCollectionViewCell.m; sourceTree = "<group>"; };
		210FBBDF1AF73951009896D2 /* DILMapViewController.h */ = {isa = PBXFileReference; fileEncoding = 4; lastKnownFileType = sourcecode.c.h; path = DILMapViewController.h; sourceTree = "<group>"; };
		210FBBE01AF73951009896D2 /* DILMapViewController.m */ = {isa = PBXFileReference; fileEncoding = 4; lastKnownFileType = sourcecode.c.objc; path = DILMapViewController.m; sourceTree = "<group>"; };
		210FE30A1AD78E32009BC3DE /* DILHelpViewController.h */ = {isa = PBXFileReference; fileEncoding = 4; lastKnownFileType = sourcecode.c.h; path = DILHelpViewController.h; sourceTree = "<group>"; };
		210FE30B1AD78E32009BC3DE /* DILHelpViewController.m */ = {isa = PBXFileReference; fileEncoding = 4; lastKnownFileType = sourcecode.c.objc; path = DILHelpViewController.m; sourceTree = "<group>"; };
		210FE30F1AD795D2009BC3DE /* da */ = {isa = PBXFileReference; lastKnownFileType = text.plist.strings; name = da; path = da.lproj/SVWebViewController.strings; sourceTree = "<group>"; };
		210FE3101AD795D2009BC3DE /* de */ = {isa = PBXFileReference; lastKnownFileType = text.plist.strings; name = de; path = de.lproj/SVWebViewController.strings; sourceTree = "<group>"; };
		210FE3111AD795D2009BC3DE /* en */ = {isa = PBXFileReference; lastKnownFileType = text.plist.strings; name = en; path = en.lproj/SVWebViewController.strings; sourceTree = "<group>"; };
		210FE3121AD795D2009BC3DE /* es-ES */ = {isa = PBXFileReference; lastKnownFileType = text.plist.strings; name = "es-ES"; path = "es-ES.lproj/SVWebViewController.strings"; sourceTree = "<group>"; };
		210FE3131AD795D2009BC3DE /* es */ = {isa = PBXFileReference; lastKnownFileType = text.plist.strings; name = es; path = es.lproj/SVWebViewController.strings; sourceTree = "<group>"; };
		210FE3141AD795D2009BC3DE /* fr */ = {isa = PBXFileReference; lastKnownFileType = text.plist.strings; name = fr; path = fr.lproj/SVWebViewController.strings; sourceTree = "<group>"; };
		210FE3151AD795D2009BC3DE /* ja */ = {isa = PBXFileReference; lastKnownFileType = text.plist.strings; name = ja; path = ja.lproj/SVWebViewController.strings; sourceTree = "<group>"; };
		210FE3161AD795D2009BC3DE /* pt */ = {isa = PBXFileReference; lastKnownFileType = text.plist.strings; name = pt; path = pt.lproj/SVWebViewController.strings; sourceTree = "<group>"; };
		210FE3171AD795D2009BC3DE /* SVModalWebViewController.h */ = {isa = PBXFileReference; fileEncoding = 4; lastKnownFileType = sourcecode.c.h; path = SVModalWebViewController.h; sourceTree = "<group>"; };
		210FE3181AD795D2009BC3DE /* SVModalWebViewController.m */ = {isa = PBXFileReference; fileEncoding = 4; lastKnownFileType = sourcecode.c.objc; path = SVModalWebViewController.m; sourceTree = "<group>"; };
		210FE3191AD795D2009BC3DE /* SVWebViewController.bundle */ = {isa = PBXFileReference; lastKnownFileType = "wrapper.plug-in"; path = SVWebViewController.bundle; sourceTree = "<group>"; };
		210FE31A1AD795D2009BC3DE /* SVWebViewController.h */ = {isa = PBXFileReference; fileEncoding = 4; lastKnownFileType = sourcecode.c.h; path = SVWebViewController.h; sourceTree = "<group>"; };
		210FE31B1AD795D2009BC3DE /* SVWebViewController.m */ = {isa = PBXFileReference; fileEncoding = 4; lastKnownFileType = sourcecode.c.objc; path = SVWebViewController.m; sourceTree = "<group>"; };
		210FE31E1AD795D2009BC3DE /* SVWebViewControllerActivityChrome-iPad.png */ = {isa = PBXFileReference; lastKnownFileType = image.png; path = "SVWebViewControllerActivityChrome-iPad.png"; sourceTree = "<group>"; };
		210FE31F1AD795D2009BC3DE /* SVWebViewControllerActivityChrome-iPad@2x.png */ = {isa = PBXFileReference; lastKnownFileType = image.png; path = "SVWebViewControllerActivityChrome-iPad@2x.png"; sourceTree = "<group>"; };
		210FE3201AD795D2009BC3DE /* SVWebViewControllerActivityChrome.h */ = {isa = PBXFileReference; fileEncoding = 4; lastKnownFileType = sourcecode.c.h; path = SVWebViewControllerActivityChrome.h; sourceTree = "<group>"; };
		210FE3211AD795D2009BC3DE /* SVWebViewControllerActivityChrome.m */ = {isa = PBXFileReference; fileEncoding = 4; lastKnownFileType = sourcecode.c.objc; path = SVWebViewControllerActivityChrome.m; sourceTree = "<group>"; };
		210FE3221AD795D2009BC3DE /* SVWebViewControllerActivityChrome@2x.png */ = {isa = PBXFileReference; lastKnownFileType = image.png; path = "SVWebViewControllerActivityChrome@2x.png"; sourceTree = "<group>"; };
		210FE3241AD795D2009BC3DE /* SVWebViewControllerActivitySafari-iPad.png */ = {isa = PBXFileReference; lastKnownFileType = image.png; path = "SVWebViewControllerActivitySafari-iPad.png"; sourceTree = "<group>"; };
		210FE3251AD795D2009BC3DE /* SVWebViewControllerActivitySafari-iPad@2x.png */ = {isa = PBXFileReference; lastKnownFileType = image.png; path = "SVWebViewControllerActivitySafari-iPad@2x.png"; sourceTree = "<group>"; };
		210FE3261AD795D2009BC3DE /* SVWebViewControllerActivitySafari.h */ = {isa = PBXFileReference; fileEncoding = 4; lastKnownFileType = sourcecode.c.h; path = SVWebViewControllerActivitySafari.h; sourceTree = "<group>"; };
		210FE3271AD795D2009BC3DE /* SVWebViewControllerActivitySafari.m */ = {isa = PBXFileReference; fileEncoding = 4; lastKnownFileType = sourcecode.c.objc; path = SVWebViewControllerActivitySafari.m; sourceTree = "<group>"; };
		210FE3281AD795D2009BC3DE /* SVWebViewControllerActivitySafari@2x.png */ = {isa = PBXFileReference; lastKnownFileType = image.png; path = "SVWebViewControllerActivitySafari@2x.png"; sourceTree = "<group>"; };
		210FE3291AD795D2009BC3DE /* SVWebViewControllerActivity.h */ = {isa = PBXFileReference; fileEncoding = 4; lastKnownFileType = sourcecode.c.h; path = SVWebViewControllerActivity.h; sourceTree = "<group>"; };
		210FE32A1AD795D2009BC3DE /* SVWebViewControllerActivity.m */ = {isa = PBXFileReference; fileEncoding = 4; lastKnownFileType = sourcecode.c.objc; path = SVWebViewControllerActivity.m; sourceTree = "<group>"; };
		210FE32B1AD795D2009BC3DE /* zh-Hans */ = {isa = PBXFileReference; lastKnownFileType = text.plist.strings; name = "zh-Hans"; path = "zh-Hans.lproj/SVWebViewController.strings"; sourceTree = "<group>"; };
		210FE32C1AD795D2009BC3DE /* zh-Hant */ = {isa = PBXFileReference; lastKnownFileType = text.plist.strings; name = "zh-Hant"; path = "zh-Hant.lproj/SVWebViewController.strings"; sourceTree = "<group>"; };
		21171CE81ADDF4CB00CDDFBD /* DilloDayStyleKit.m */ = {isa = PBXFileReference; fileEncoding = 4; lastKnownFileType = sourcecode.c.objc; path = DilloDayStyleKit.m; sourceTree = SOURCE_ROOT; };
		21171CE91ADDF4CB00CDDFBD /* DilloDayStyleKit.h */ = {isa = PBXFileReference; fileEncoding = 4; lastKnownFileType = sourcecode.c.h; path = DilloDayStyleKit.h; sourceTree = SOURCE_ROOT; };
		21171CEC1ADDF57800CDDFBD /* SIL Open Font License.txt */ = {isa = PBXFileReference; fileEncoding = 4; lastKnownFileType = text; path = "SIL Open Font License.txt"; sourceTree = "<group>"; };
		21171CED1ADDF57800CDDFBD /* SourceSansPro-Black.otf */ = {isa = PBXFileReference; lastKnownFileType = file; path = "SourceSansPro-Black.otf"; sourceTree = "<group>"; };
		21171CEE1ADDF57800CDDFBD /* SourceSansPro-BlackIt.otf */ = {isa = PBXFileReference; lastKnownFileType = file; path = "SourceSansPro-BlackIt.otf"; sourceTree = "<group>"; };
		21171CEF1ADDF57800CDDFBD /* SourceSansPro-Bold.otf */ = {isa = PBXFileReference; lastKnownFileType = file; path = "SourceSansPro-Bold.otf"; sourceTree = "<group>"; };
		21171CF01ADDF57800CDDFBD /* SourceSansPro-BoldIt.otf */ = {isa = PBXFileReference; lastKnownFileType = file; path = "SourceSansPro-BoldIt.otf"; sourceTree = "<group>"; };
		21171CF11ADDF57800CDDFBD /* SourceSansPro-ExtraLight.otf */ = {isa = PBXFileReference; lastKnownFileType = file; path = "SourceSansPro-ExtraLight.otf"; sourceTree = "<group>"; };
		21171CF21ADDF57800CDDFBD /* SourceSansPro-ExtraLightIt.otf */ = {isa = PBXFileReference; lastKnownFileType = file; path = "SourceSansPro-ExtraLightIt.otf"; sourceTree = "<group>"; };
		21171CF31ADDF57800CDDFBD /* SourceSansPro-It.otf */ = {isa = PBXFileReference; lastKnownFileType = file; path = "SourceSansPro-It.otf"; sourceTree = "<group>"; };
		21171CF41ADDF57800CDDFBD /* SourceSansPro-Light.otf */ = {isa = PBXFileReference; lastKnownFileType = file; path = "SourceSansPro-Light.otf"; sourceTree = "<group>"; };
		21171CF51ADDF57800CDDFBD /* SourceSansPro-LightIt.otf */ = {isa = PBXFileReference; lastKnownFileType = file; path = "SourceSansPro-LightIt.otf"; sourceTree = "<group>"; };
		21171CF61ADDF57800CDDFBD /* SourceSansPro-Regular.otf */ = {isa = PBXFileReference; lastKnownFileType = file; path = "SourceSansPro-Regular.otf"; sourceTree = "<group>"; };
		21171CF71ADDF57800CDDFBD /* SourceSansPro-Semibold.otf */ = {isa = PBXFileReference; lastKnownFileType = file; path = "SourceSansPro-Semibold.otf"; sourceTree = "<group>"; };
		21171CF81ADDF57800CDDFBD /* SourceSansPro-SemiboldIt.otf */ = {isa = PBXFileReference; lastKnownFileType = file; path = "SourceSansPro-SemiboldIt.otf"; sourceTree = "<group>"; };
		21171D071ADE002E00CDDFBD /* Paratype PT Sans Free Font License.txt */ = {isa = PBXFileReference; fileEncoding = 4; lastKnownFileType = text; path = "Paratype PT Sans Free Font License.txt"; sourceTree = "<group>"; };
		21171D081ADE002E00CDDFBD /* PTC55F.ttf */ = {isa = PBXFileReference; lastKnownFileType = file; path = PTC55F.ttf; sourceTree = "<group>"; };
		21171D091ADE002E00CDDFBD /* PTC75F.ttf */ = {isa = PBXFileReference; lastKnownFileType = file; path = PTC75F.ttf; sourceTree = "<group>"; };
		21171D0A1ADE002E00CDDFBD /* PTN57F.ttf */ = {isa = PBXFileReference; lastKnownFileType = file; path = PTN57F.ttf; sourceTree = "<group>"; };
		21171D0B1ADE002E00CDDFBD /* PTN77F.ttf */ = {isa = PBXFileReference; lastKnownFileType = file; path = PTN77F.ttf; sourceTree = "<group>"; };
		21171D0C1ADE002E00CDDFBD /* PTS55F.ttf */ = {isa = PBXFileReference; lastKnownFileType = file; path = PTS55F.ttf; sourceTree = "<group>"; };
		21171D0D1ADE002E00CDDFBD /* PTS56F.ttf */ = {isa = PBXFileReference; lastKnownFileType = file; path = PTS56F.ttf; sourceTree = "<group>"; };
		21171D0E1ADE002E00CDDFBD /* PTS75F.ttf */ = {isa = PBXFileReference; lastKnownFileType = file; path = PTS75F.ttf; sourceTree = "<group>"; };
		21171D0F1ADE002E00CDDFBD /* PTS76F.ttf */ = {isa = PBXFileReference; lastKnownFileType = file; path = PTS76F.ttf; sourceTree = "<group>"; };
		211A11D21AF03913008EB8C1 /* storehouse.plist */ = {isa = PBXFileReference; fileEncoding = 4; lastKnownFileType = text.plist.xml; path = storehouse.plist; sourceTree = "<group>"; };
		212028641AA8362B00E9E028 /* UIView+FindUIViewController.h */ = {isa = PBXFileReference; fileEncoding = 4; lastKnownFileType = sourcecode.c.h; path = "UIView+FindUIViewController.h"; sourceTree = "<group>"; };
		212028651AA8362B00E9E028 /* UIView+FindUIViewController.m */ = {isa = PBXFileReference; fileEncoding = 4; lastKnownFileType = sourcecode.c.objc; path = "UIView+FindUIViewController.m"; sourceTree = "<group>"; };
		214C5D8F1A8D60D7009BC7F0 /* AudioToolbox.framework */ = {isa = PBXFileReference; lastKnownFileType = wrapper.framework; name = AudioToolbox.framework; path = System/Library/Frameworks/AudioToolbox.framework; sourceTree = SDKROOT; };
		214C5D911A8D60DD009BC7F0 /* CFNetwork.framework */ = {isa = PBXFileReference; lastKnownFileType = wrapper.framework; name = CFNetwork.framework; path = System/Library/Frameworks/CFNetwork.framework; sourceTree = SDKROOT; };
		214C5D931A8D60E3009BC7F0 /* CoreGraphics.framework */ = {isa = PBXFileReference; lastKnownFileType = wrapper.framework; name = CoreGraphics.framework; path = System/Library/Frameworks/CoreGraphics.framework; sourceTree = SDKROOT; };
		214C5D951A8D60E9009BC7F0 /* CoreLocation.framework */ = {isa = PBXFileReference; lastKnownFileType = wrapper.framework; name = CoreLocation.framework; path = System/Library/Frameworks/CoreLocation.framework; sourceTree = SDKROOT; };
		214C5D971A8D60F1009BC7F0 /* MobileCoreServices.framework */ = {isa = PBXFileReference; lastKnownFileType = wrapper.framework; name = MobileCoreServices.framework; path = System/Library/Frameworks/MobileCoreServices.framework; sourceTree = SDKROOT; };
		214C5D991A8D60F8009BC7F0 /* Security.framework */ = {isa = PBXFileReference; lastKnownFileType = wrapper.framework; name = Security.framework; path = System/Library/Frameworks/Security.framework; sourceTree = SDKROOT; };
		214C5D9D1A8D6104009BC7F0 /* SystemConfiguration.framework */ = {isa = PBXFileReference; lastKnownFileType = wrapper.framework; name = SystemConfiguration.framework; path = System/Library/Frameworks/SystemConfiguration.framework; sourceTree = SDKROOT; };
		214C5D9F1A8D610B009BC7F0 /* libz.1.1.3.dylib */ = {isa = PBXFileReference; lastKnownFileType = "compiled.mach-o.dylib"; name = libz.1.1.3.dylib; path = usr/lib/libz.1.1.3.dylib; sourceTree = SDKROOT; };
		214C5DA11A8D6114009BC7F0 /* libsqlite3.dylib */ = {isa = PBXFileReference; lastKnownFileType = "compiled.mach-o.dylib"; name = libsqlite3.dylib; path = usr/lib/libsqlite3.dylib; sourceTree = SDKROOT; };
		214C5DA31A8D611A009BC7F0 /* Accounts.framework */ = {isa = PBXFileReference; lastKnownFileType = wrapper.framework; name = Accounts.framework; path = System/Library/Frameworks/Accounts.framework; sourceTree = SDKROOT; };
		214C5DA51A8D6133009BC7F0 /* Social.framework */ = {isa = PBXFileReference; lastKnownFileType = wrapper.framework; name = Social.framework; path = System/Library/Frameworks/Social.framework; sourceTree = SDKROOT; };
		214FD6C81AA5542D001D6619 /* UIFont+SytemFontOverride.h */ = {isa = PBXFileReference; fileEncoding = 4; lastKnownFileType = sourcecode.c.h; path = "UIFont+SytemFontOverride.h"; sourceTree = "<group>"; };
		214FD6C91AA5542D001D6619 /* UIFont+SytemFontOverride.m */ = {isa = PBXFileReference; fileEncoding = 4; lastKnownFileType = sourcecode.c.objc; path = "UIFont+SytemFontOverride.m"; sourceTree = "<group>"; };
		214FD6D01AA55D9E001D6619 /* FMParallaxImageView.h */ = {isa = PBXFileReference; fileEncoding = 4; lastKnownFileType = sourcecode.c.h; path = FMParallaxImageView.h; sourceTree = "<group>"; };
		214FD6D11AA55D9E001D6619 /* FMParallaxImageView.m */ = {isa = PBXFileReference; fileEncoding = 4; lastKnownFileType = sourcecode.c.objc; path = FMParallaxImageView.m; sourceTree = "<group>"; };
		215675911AD05A2B006CA2F2 /* DILArtistMusicViewCell.h */ = {isa = PBXFileReference; fileEncoding = 4; lastKnownFileType = sourcecode.c.h; path = DILArtistMusicViewCell.h; sourceTree = "<group>"; };
		215675921AD05A2B006CA2F2 /* DILArtistMusicViewCell.m */ = {isa = PBXFileReference; fileEncoding = 4; lastKnownFileType = sourcecode.c.objc; path = DILArtistMusicViewCell.m; sourceTree = "<group>"; };
		2159BC2E1ACB7CB000D48F5F /* DILFakeDataGenerator.h */ = {isa = PBXFileReference; fileEncoding = 4; lastKnownFileType = sourcecode.c.h; path = DILFakeDataGenerator.h; sourceTree = "<group>"; };
		2159BC2F1ACB7CB000D48F5F /* DILFakeDataGenerator.m */ = {isa = PBXFileReference; fileEncoding = 4; lastKnownFileType = sourcecode.c.objc; path = DILFakeDataGenerator.m; sourceTree = "<group>"; };
		2159BC311ACB8C3E00D48F5F /* NSDate+Utilities.m */ = {isa = PBXFileReference; fileEncoding = 4; lastKnownFileType = sourcecode.c.objc; path = "NSDate+Utilities.m"; sourceTree = "<group>"; };
		2159BC321ACB8C3E00D48F5F /* NSDate+Utilities.h */ = {isa = PBXFileReference; fileEncoding = 4; lastKnownFileType = sourcecode.c.h; path = "NSDate+Utilities.h"; sourceTree = "<group>"; };
		2159BC351ACC422000D48F5F /* DILFollowArtist.h */ = {isa = PBXFileReference; fileEncoding = 4; lastKnownFileType = sourcecode.c.h; path = DILFollowArtist.h; sourceTree = "<group>"; };
		2159BC361ACC422000D48F5F /* DILFollowArtist.m */ = {isa = PBXFileReference; fileEncoding = 4; lastKnownFileType = sourcecode.c.objc; path = DILFollowArtist.m; sourceTree = "<group>"; };
		215BB66F1AEC31170062BA50 /* DILLineupParallaxCollectionViewCell.h */ = {isa = PBXFileReference; fileEncoding = 4; lastKnownFileType = sourcecode.c.h; path = DILLineupParallaxCollectionViewCell.h; sourceTree = "<group>"; };
		215BB6701AEC31170062BA50 /* DILLineupParallaxCollectionViewCell.m */ = {isa = PBXFileReference; fileEncoding = 4; lastKnownFileType = sourcecode.c.objc; path = DILLineupParallaxCollectionViewCell.m; sourceTree = "<group>"; };
		215BB6721AEC38270062BA50 /* FMEParallaxPFImageView.h */ = {isa = PBXFileReference; fileEncoding = 4; lastKnownFileType = sourcecode.c.h; path = FMEParallaxPFImageView.h; sourceTree = "<group>"; };
		215BB6731AEC38270062BA50 /* FMEParallaxPFImageView.m */ = {isa = PBXFileReference; fileEncoding = 4; lastKnownFileType = sourcecode.c.objc; path = FMEParallaxPFImageView.m; sourceTree = "<group>"; };
		21636D111B0A5787000B0F7F /* PBYouTubeVideoView.html */ = {isa = PBXFileReference; fileEncoding = 4; lastKnownFileType = text.html; path = PBYouTubeVideoView.html; sourceTree = "<group>"; };
		21636D121B0A5787000B0F7F /* PBYouTubeVideoViewController.h */ = {isa = PBXFileReference; fileEncoding = 4; lastKnownFileType = sourcecode.c.h; path = PBYouTubeVideoViewController.h; sourceTree = "<group>"; };
		21636D131B0A5787000B0F7F /* PBYouTubeVideoViewController.m */ = {isa = PBXFileReference; fileEncoding = 4; lastKnownFileType = sourcecode.c.objc; path = PBYouTubeVideoViewController.m; sourceTree = "<group>"; };
		216487501AF82DA3002D785C /* DILShuttleScheduleViewController.h */ = {isa = PBXFileReference; fileEncoding = 4; lastKnownFileType = sourcecode.c.h; path = DILShuttleScheduleViewController.h; sourceTree = "<group>"; };
		216487511AF82DA3002D785C /* DILShuttleScheduleViewController.m */ = {isa = PBXFileReference; fileEncoding = 4; lastKnownFileType = sourcecode.c.objc; path = DILShuttleScheduleViewController.m; sourceTree = "<group>"; };
		216D64E11AF8100D00C91D5F /* Images.xcassets */ = {isa = PBXFileReference; lastKnownFileType = folder.assetcatalog; path = Images.xcassets; sourceTree = "<group>"; };
		216D64E31AF8121600C91D5F /* DILPFShuttleSchedule.h */ = {isa = PBXFileReference; fileEncoding = 4; lastKnownFileType = sourcecode.c.h; path = DILPFShuttleSchedule.h; sourceTree = "<group>"; };
		216D64E41AF8121600C91D5F /* DILPFShuttleSchedule.m */ = {isa = PBXFileReference; fileEncoding = 4; lastKnownFileType = sourcecode.c.objc; path = DILPFShuttleSchedule.m; sourceTree = "<group>"; };
		217946AC1A87C96100224737 /* Dillo Day.app */ = {isa = PBXFileReference; explicitFileType = wrapper.application; includeInIndex = 0; path = "Dillo Day.app"; sourceTree = BUILT_PRODUCTS_DIR; };
		217946B01A87C96100224737 /* Info.plist */ = {isa = PBXFileReference; lastKnownFileType = text.plist.xml; path = Info.plist; sourceTree = "<group>"; };
		217946B11A87C96100224737 /* main.m */ = {isa = PBXFileReference; lastKnownFileType = sourcecode.c.objc; path = main.m; sourceTree = "<group>"; };
		217946B31A87C96100224737 /* AppDelegate.h */ = {isa = PBXFileReference; lastKnownFileType = sourcecode.c.h; path = AppDelegate.h; sourceTree = "<group>"; };
		217946B41A87C96100224737 /* AppDelegate.m */ = {isa = PBXFileReference; lastKnownFileType = sourcecode.c.objc; path = AppDelegate.m; sourceTree = "<group>"; };
		217946BF1A87C96100224737 /* Base */ = {isa = PBXFileReference; lastKnownFileType = file.xib; name = Base; path = Base.lproj/LaunchScreen.xib; sourceTree = "<group>"; };
		217946C51A87C96100224737 /* Dillo DayTests.xctest */ = {isa = PBXFileReference; explicitFileType = wrapper.cfbundle; includeInIndex = 0; path = "Dillo DayTests.xctest"; sourceTree = BUILT_PRODUCTS_DIR; };
		217946CA1A87C96100224737 /* Info.plist */ = {isa = PBXFileReference; lastKnownFileType = text.plist.xml; path = Info.plist; sourceTree = "<group>"; };
		217946CB1A87C96100224737 /* Dillo_DayTests.m */ = {isa = PBXFileReference; lastKnownFileType = sourcecode.c.objc; path = Dillo_DayTests.m; sourceTree = "<group>"; };
		217A8EE31AD89B2C0046F45F /* DILPushNotificationHandler.h */ = {isa = PBXFileReference; fileEncoding = 4; lastKnownFileType = sourcecode.c.h; path = DILPushNotificationHandler.h; sourceTree = "<group>"; };
		217A8EE41AD89B2C0046F45F /* DILPushNotificationHandler.m */ = {isa = PBXFileReference; fileEncoding = 4; lastKnownFileType = sourcecode.c.objc; path = DILPushNotificationHandler.m; sourceTree = "<group>"; };
		217A8EE61AD89B5C0046F45F /* DILNotification.h */ = {isa = PBXFileReference; fileEncoding = 4; lastKnownFileType = sourcecode.c.h; path = DILNotification.h; sourceTree = "<group>"; };
		217A8EE71AD89B5C0046F45F /* DILNotification.m */ = {isa = PBXFileReference; fileEncoding = 4; lastKnownFileType = sourcecode.c.objc; path = DILNotification.m; sourceTree = "<group>"; };
		217D91C91A9DAA25006F3ABB /* DDPrefixHeader.pch */ = {isa = PBXFileReference; lastKnownFileType = sourcecode.c.h; path = DDPrefixHeader.pch; sourceTree = "<group>"; };
		217D91D21A9E65F0006F3ABB /* DDConstants.h */ = {isa = PBXFileReference; fileEncoding = 4; lastKnownFileType = sourcecode.c.h; path = DDConstants.h; sourceTree = "<group>"; };
		217D91D31A9E65F0006F3ABB /* DDConstants.m */ = {isa = PBXFileReference; fileEncoding = 4; lastKnownFileType = sourcecode.c.objc; path = DDConstants.m; sourceTree = "<group>"; };
		219155521AD4BCA800FC61E8 /* CarbonTabSwipeNavigation.h */ = {isa = PBXFileReference; fileEncoding = 4; lastKnownFileType = sourcecode.c.h; path = CarbonTabSwipeNavigation.h; sourceTree = "<group>"; };
		219155531AD4BCA800FC61E8 /* CarbonTabSwipeNavigation.m */ = {isa = PBXFileReference; fileEncoding = 4; lastKnownFileType = sourcecode.c.objc; path = CarbonTabSwipeNavigation.m; sourceTree = "<group>"; };
		21A1757F1AE98F770094E5C2 /* DILStageSelectTitleView.h */ = {isa = PBXFileReference; fileEncoding = 4; lastKnownFileType = sourcecode.c.h; path = DILStageSelectTitleView.h; sourceTree = "<group>"; };
		21A175801AE98F770094E5C2 /* DILStageSelectTitleView.m */ = {isa = PBXFileReference; fileEncoding = 4; lastKnownFileType = sourcecode.c.objc; path = DILStageSelectTitleView.m; sourceTree = "<group>"; };
		21A175851AE99ADA0094E5C2 /* DILStageSelectView.h */ = {isa = PBXFileReference; fileEncoding = 4; lastKnownFileType = sourcecode.c.h; path = DILStageSelectView.h; sourceTree = "<group>"; };
		21A175861AE99ADA0094E5C2 /* DILStageSelectView.m */ = {isa = PBXFileReference; fileEncoding = 4; lastKnownFileType = sourcecode.c.objc; path = DILStageSelectView.m; sourceTree = "<group>"; };
		21BAFE361ACE15B1003F5ADD /* DILArtistStickyHeaderCollectionViewCell.h */ = {isa = PBXFileReference; fileEncoding = 4; lastKnownFileType = sourcecode.c.h; path = DILArtistStickyHeaderCollectionViewCell.h; sourceTree = "<group>"; };
		21BAFE371ACE15B1003F5ADD /* DILArtistStickyHeaderCollectionViewCell.m */ = {isa = PBXFileReference; fileEncoding = 4; lastKnownFileType = sourcecode.c.objc; path = DILArtistStickyHeaderCollectionViewCell.m; sourceTree = "<group>"; };
		21BAFE391ACE1C49003F5ADD /* DILArtistViewController.h */ = {isa = PBXFileReference; fileEncoding = 4; lastKnownFileType = sourcecode.c.h; path = DILArtistViewController.h; sourceTree = "<group>"; };
		21BAFE3A1ACE1C49003F5ADD /* DILArtistViewController.m */ = {isa = PBXFileReference; fileEncoding = 4; lastKnownFileType = sourcecode.c.objc; path = DILArtistViewController.m; sourceTree = "<group>"; };
		21BAFE3C1ACE1D11003F5ADD /* DILArtistCollectionViewModel.h */ = {isa = PBXFileReference; fileEncoding = 4; lastKnownFileType = sourcecode.c.h; path = DILArtistCollectionViewModel.h; sourceTree = "<group>"; };
		21BAFE3D1ACE1D11003F5ADD /* DILArtistCollectionViewModel.m */ = {isa = PBXFileReference; fileEncoding = 4; lastKnownFileType = sourcecode.c.objc; path = DILArtistCollectionViewModel.m; sourceTree = "<group>"; };
		21BAFE3F1ACF1CB7003F5ADD /* DILArtistBioHTKCollectionViewCell.h */ = {isa = PBXFileReference; fileEncoding = 4; lastKnownFileType = sourcecode.c.h; path = DILArtistBioHTKCollectionViewCell.h; sourceTree = "<group>"; };
		21BAFE401ACF1CB7003F5ADD /* DILArtistBioHTKCollectionViewCell.m */ = {isa = PBXFileReference; fileEncoding = 4; lastKnownFileType = sourcecode.c.objc; path = DILArtistBioHTKCollectionViewCell.m; sourceTree = "<group>"; };
		21C4AE411AE9C86D005A911E /* DILStageSelectTableViewCell.h */ = {isa = PBXFileReference; fileEncoding = 4; lastKnownFileType = sourcecode.c.h; path = DILStageSelectTableViewCell.h; sourceTree = "<group>"; };
		21C4AE421AE9C86D005A911E /* DILStageSelectTableViewCell.m */ = {isa = PBXFileReference; fileEncoding = 4; lastKnownFileType = sourcecode.c.objc; path = DILStageSelectTableViewCell.m; sourceTree = "<group>"; };
		21C4AE441AE9D4C1005A911E /* DILLineupCenterTextCollectionViewCellRadialShadowView.h */ = {isa = PBXFileReference; fileEncoding = 4; lastKnownFileType = sourcecode.c.h; name = DILLineupCenterTextCollectionViewCellRadialShadowView.h; path = ../DILLineupCenterTextCollectionViewCellRadialShadowView.h; sourceTree = "<group>"; };
		21C4AE451AE9D4C1005A911E /* DILLineupCenterTextCollectionViewCellRadialShadowView.m */ = {isa = PBXFileReference; fileEncoding = 4; lastKnownFileType = sourcecode.c.objc; name = DILLineupCenterTextCollectionViewCellRadialShadowView.m; path = ../DILLineupCenterTextCollectionViewCellRadialShadowView.m; sourceTree = "<group>"; };
		21C4C10C1AC74C9900AE4561 /* DILPFArtist.h */ = {isa = PBXFileReference; fileEncoding = 4; lastKnownFileType = sourcecode.c.h; path = DILPFArtist.h; sourceTree = "<group>"; };
		21C4C10D1AC74C9900AE4561 /* DILPFArtist.m */ = {isa = PBXFileReference; fileEncoding = 4; lastKnownFileType = sourcecode.c.objc; path = DILPFArtist.m; sourceTree = "<group>"; };
		21C4C10F1AC74F8C00AE4561 /* DILPFSponsor.h */ = {isa = PBXFileReference; fileEncoding = 4; lastKnownFileType = sourcecode.c.h; path = DILPFSponsor.h; sourceTree = "<group>"; };
		21C4C1101AC74F8C00AE4561 /* DILPFSponsor.m */ = {isa = PBXFileReference; fileEncoding = 4; lastKnownFileType = sourcecode.c.objc; path = DILPFSponsor.m; sourceTree = "<group>"; };
		21C4C1121AC750EE00AE4561 /* DILPFStage.h */ = {isa = PBXFileReference; fileEncoding = 4; lastKnownFileType = sourcecode.c.h; path = DILPFStage.h; sourceTree = "<group>"; };
		21C4C1131AC750EE00AE4561 /* DILPFStage.m */ = {isa = PBXFileReference; fileEncoding = 4; lastKnownFileType = sourcecode.c.objc; path = DILPFStage.m; sourceTree = "<group>"; };
		21D593911AEB388A00339787 /* DILArtistSponsorCollectionViewCell.h */ = {isa = PBXFileReference; fileEncoding = 4; lastKnownFileType = sourcecode.c.h; name = DILArtistSponsorCollectionViewCell.h; path = "Artist Info/DILArtistSponsorCollectionViewCell.h"; sourceTree = "<group>"; };
		21D593921AEB388A00339787 /* DILArtistSponsorCollectionViewCell.m */ = {isa = PBXFileReference; fileEncoding = 4; lastKnownFileType = sourcecode.c.objc; name = DILArtistSponsorCollectionViewCell.m; path = "Artist Info/DILArtistSponsorCollectionViewCell.m"; sourceTree = "<group>"; };
		21D593941AEC21B000339787 /* FMEParallaxImageView.h */ = {isa = PBXFileReference; fileEncoding = 4; lastKnownFileType = sourcecode.c.h; path = FMEParallaxImageView.h; sourceTree = "<group>"; };
		21D593951AEC21B000339787 /* FMEParallaxImageView.m */ = {isa = PBXFileReference; fileEncoding = 4; lastKnownFileType = sourcecode.c.objc; path = FMEParallaxImageView.m; sourceTree = "<group>"; };
		21DEA9711AD436D000987379 /* UIApplication+NetworkActivityIndicator.h */ = {isa = PBXFileReference; fileEncoding = 4; lastKnownFileType = sourcecode.c.h; path = "UIApplication+NetworkActivityIndicator.h"; sourceTree = "<group>"; };
		21DEA9721AD436D000987379 /* UIApplication+NetworkActivityIndicator.m */ = {isa = PBXFileReference; fileEncoding = 4; lastKnownFileType = sourcecode.c.objc; path = "UIApplication+NetworkActivityIndicator.m"; sourceTree = "<group>"; };
		21DEA9761AD44B1900987379 /* Dillo Day-Bridging-Header.h */ = {isa = PBXFileReference; lastKnownFileType = sourcecode.c.h; path = "Dillo Day-Bridging-Header.h"; sourceTree = "<group>"; };
		21E6976A1AF4359A00494FA9 /* DILPFMap.h */ = {isa = PBXFileReference; fileEncoding = 4; lastKnownFileType = sourcecode.c.h; path = DILPFMap.h; sourceTree = "<group>"; };
		21E6976B1AF4359A00494FA9 /* DILPFMap.m */ = {isa = PBXFileReference; fileEncoding = 4; lastKnownFileType = sourcecode.c.objc; path = DILPFMap.m; sourceTree = "<group>"; };
		21E7B1DA1AF9954900FAD992 /* PFNotification.h */ = {isa = PBXFileReference; fileEncoding = 4; lastKnownFileType = sourcecode.c.h; path = PFNotification.h; sourceTree = "<group>"; };
		21E7B1DB1AF9954900FAD992 /* PFNotification.m */ = {isa = PBXFileReference; fileEncoding = 4; lastKnownFileType = sourcecode.c.objc; path = PFNotification.m; sourceTree = "<group>"; };
		21EEC9291AD61A1B00C968E9 /* DILParseClassGeneration.h */ = {isa = PBXFileReference; fileEncoding = 4; lastKnownFileType = sourcecode.c.h; path = DILParseClassGeneration.h; sourceTree = "<group>"; };
		21EEC92A1AD61A1B00C968E9 /* DILParseClassGeneration.m */ = {isa = PBXFileReference; fileEncoding = 4; lastKnownFileType = sourcecode.c.objc; path = DILParseClassGeneration.m; sourceTree = "<group>"; };
		26A1FCC74E4C91ABBE0A7CEB /* Pods-Dillo Day.release.xcconfig */ = {isa = PBXFileReference; includeInIndex = 1; lastKnownFileType = text.xcconfig; name = "Pods-Dillo Day.release.xcconfig"; path = "Pods/Target Support Files/Pods-Dillo Day/Pods-Dillo Day.release.xcconfig"; sourceTree = "<group>"; };
		4C8ECCFD0B2D85200EB4A438 /* libPods-Dillo DayTests.a */ = {isa = PBXFileReference; explicitFileType = archive.ar; includeInIndex = 0; path = "libPods-Dillo DayTests.a"; sourceTree = BUILT_PRODUCTS_DIR; };
		73C95C15E111A6C0657187FC /* Pods-Dillo DayTests.debug.xcconfig */ = {isa = PBXFileReference; includeInIndex = 1; lastKnownFileType = text.xcconfig; name = "Pods-Dillo DayTests.debug.xcconfig"; path = "Pods/Target Support Files/Pods-Dillo DayTests/Pods-Dillo DayTests.debug.xcconfig"; sourceTree = "<group>"; };
		9455FD331C5571EC00E83AC2 /* MapKit.framework */ = {isa = PBXFileReference; lastKnownFileType = wrapper.framework; name = MapKit.framework; path = System/Library/Frameworks/MapKit.framework; sourceTree = SDKROOT; };
		94BE925E1EA8641E009B7A72 /* DILLineupCellViewController.h */ = {isa = PBXFileReference; fileEncoding = 4; lastKnownFileType = sourcecode.c.h; path = DILLineupCellViewController.h; sourceTree = "<group>"; };
		94BE925F1EA8641E009B7A72 /* DILLineupCellViewController.m */ = {isa = PBXFileReference; fileEncoding = 4; lastKnownFileType = sourcecode.c.objc; path = DILLineupCellViewController.m; sourceTree = "<group>"; };
		94C31FF81C70E0AC007C6560 /* Spotify.framework */ = {isa = PBXFileReference; lastKnownFileType = wrapper.framework; path = Spotify.framework; sourceTree = "<group>"; };
		94C31FFA1C70E283007C6560 /* AVFoundation.framework */ = {isa = PBXFileReference; lastKnownFileType = wrapper.framework; name = AVFoundation.framework; path = System/Library/Frameworks/AVFoundation.framework; sourceTree = SDKROOT; };
		B628256970EB885798A2F3A3 /* libPods-Dillo Day.a */ = {isa = PBXFileReference; explicitFileType = archive.ar; includeInIndex = 0; path = "libPods-Dillo Day.a"; sourceTree = BUILT_PRODUCTS_DIR; };
		CF7F54AF6C3852EF381C7620 /* Pods-Dillo Day.debug.xcconfig */ = {isa = PBXFileReference; includeInIndex = 1; lastKnownFileType = text.xcconfig; name = "Pods-Dillo Day.debug.xcconfig"; path = "Pods/Target Support Files/Pods-Dillo Day/Pods-Dillo Day.debug.xcconfig"; sourceTree = "<group>"; };
/* End PBXFileReference section */

/* Begin PBXFrameworksBuildPhase section */
		217946A91A87C96100224737 /* Frameworks */ = {
			isa = PBXFrameworksBuildPhase;
			buildActionMask = 2147483647;
			files = (
				214C5D9E1A8D6104009BC7F0 /* SystemConfiguration.framework in Frameworks */,
				94C31FFB1C70E283007C6560 /* AVFoundation.framework in Frameworks */,
				9455FD341C5571EC00E83AC2 /* MapKit.framework in Frameworks */,
				214C5DA61A8D6133009BC7F0 /* Social.framework in Frameworks */,
				214C5DA41A8D611A009BC7F0 /* Accounts.framework in Frameworks */,
				214C5DA21A8D6114009BC7F0 /* libsqlite3.dylib in Frameworks */,
				214C5DA01A8D610B009BC7F0 /* libz.1.1.3.dylib in Frameworks */,
				214C5D9A1A8D60F8009BC7F0 /* Security.framework in Frameworks */,
				214C5D981A8D60F1009BC7F0 /* MobileCoreServices.framework in Frameworks */,
				214C5D961A8D60E9009BC7F0 /* CoreLocation.framework in Frameworks */,
				94C31FF91C70E0AC007C6560 /* Spotify.framework in Frameworks */,
				214C5D941A8D60E3009BC7F0 /* CoreGraphics.framework in Frameworks */,
				214C5D921A8D60DD009BC7F0 /* CFNetwork.framework in Frameworks */,
				214C5D901A8D60D7009BC7F0 /* AudioToolbox.framework in Frameworks */,
				41622D61DBCDC77216A73D20 /* libPods-Dillo Day.a in Frameworks */,
			);
			runOnlyForDeploymentPostprocessing = 0;
		};
		217946C21A87C96100224737 /* Frameworks */ = {
			isa = PBXFrameworksBuildPhase;
			buildActionMask = 2147483647;
			files = (
				556ADC61DA57ADA2EAB7887C /* libPods-Dillo DayTests.a in Frameworks */,
			);
			runOnlyForDeploymentPostprocessing = 0;
		};
/* End PBXFrameworksBuildPhase section */

/* Begin PBXGroup section */
		129CA9EBF89302FBF1C892F3 /* Frameworks */ = {
			isa = PBXGroup;
			children = (
				94C31FFA1C70E283007C6560 /* AVFoundation.framework */,
				9455FD331C5571EC00E83AC2 /* MapKit.framework */,
				214C5DA51A8D6133009BC7F0 /* Social.framework */,
				214C5DA31A8D611A009BC7F0 /* Accounts.framework */,
				214C5DA11A8D6114009BC7F0 /* libsqlite3.dylib */,
				214C5D9F1A8D610B009BC7F0 /* libz.1.1.3.dylib */,
				94C31FF81C70E0AC007C6560 /* Spotify.framework */,
				214C5D9D1A8D6104009BC7F0 /* SystemConfiguration.framework */,
				214C5D991A8D60F8009BC7F0 /* Security.framework */,
				214C5D971A8D60F1009BC7F0 /* MobileCoreServices.framework */,
				214C5D951A8D60E9009BC7F0 /* CoreLocation.framework */,
				214C5D931A8D60E3009BC7F0 /* CoreGraphics.framework */,
				214C5D911A8D60DD009BC7F0 /* CFNetwork.framework */,
				214C5D8F1A8D60D7009BC7F0 /* AudioToolbox.framework */,
				B628256970EB885798A2F3A3 /* libPods-Dillo Day.a */,
				4C8ECCFD0B2D85200EB4A438 /* libPods-Dillo DayTests.a */,
			);
			name = Frameworks;
			sourceTree = "<group>";
		};
		210FE30D1AD795D2009BC3DE /* SVWebViewController */ = {
			isa = PBXGroup;
			children = (
				210FE30E1AD795D2009BC3DE /* SVWebViewController.strings */,
				210FE3171AD795D2009BC3DE /* SVModalWebViewController.h */,
				210FE3181AD795D2009BC3DE /* SVModalWebViewController.m */,
				210FE3191AD795D2009BC3DE /* SVWebViewController.bundle */,
				210FE31A1AD795D2009BC3DE /* SVWebViewController.h */,
				210FE31B1AD795D2009BC3DE /* SVWebViewController.m */,
				210FE31C1AD795D2009BC3DE /* UIActivities */,
			);
			path = SVWebViewController;
			sourceTree = "<group>";
		};
		210FE31C1AD795D2009BC3DE /* UIActivities */ = {
			isa = PBXGroup;
			children = (
				210FE31D1AD795D2009BC3DE /* Chrome */,
				210FE3231AD795D2009BC3DE /* Safari */,
				210FE3291AD795D2009BC3DE /* SVWebViewControllerActivity.h */,
				210FE32A1AD795D2009BC3DE /* SVWebViewControllerActivity.m */,
			);
			path = UIActivities;
			sourceTree = "<group>";
		};
		210FE31D1AD795D2009BC3DE /* Chrome */ = {
			isa = PBXGroup;
			children = (
				210FE31E1AD795D2009BC3DE /* SVWebViewControllerActivityChrome-iPad.png */,
				210FE31F1AD795D2009BC3DE /* SVWebViewControllerActivityChrome-iPad@2x.png */,
				210FE3201AD795D2009BC3DE /* SVWebViewControllerActivityChrome.h */,
				210FE3211AD795D2009BC3DE /* SVWebViewControllerActivityChrome.m */,
				210FE3221AD795D2009BC3DE /* SVWebViewControllerActivityChrome@2x.png */,
			);
			path = Chrome;
			sourceTree = "<group>";
		};
		210FE3231AD795D2009BC3DE /* Safari */ = {
			isa = PBXGroup;
			children = (
				210FE3241AD795D2009BC3DE /* SVWebViewControllerActivitySafari-iPad.png */,
				210FE3251AD795D2009BC3DE /* SVWebViewControllerActivitySafari-iPad@2x.png */,
				210FE3261AD795D2009BC3DE /* SVWebViewControllerActivitySafari.h */,
				210FE3271AD795D2009BC3DE /* SVWebViewControllerActivitySafari.m */,
				210FE3281AD795D2009BC3DE /* SVWebViewControllerActivitySafari@2x.png */,
			);
			path = Safari;
			sourceTree = "<group>";
		};
		21171CEB1ADDF57800CDDFBD /* source-sans-pro */ = {
			isa = PBXGroup;
			children = (
				21171CEC1ADDF57800CDDFBD /* SIL Open Font License.txt */,
				21171CED1ADDF57800CDDFBD /* SourceSansPro-Black.otf */,
				21171CEE1ADDF57800CDDFBD /* SourceSansPro-BlackIt.otf */,
				21171CEF1ADDF57800CDDFBD /* SourceSansPro-Bold.otf */,
				21171CF01ADDF57800CDDFBD /* SourceSansPro-BoldIt.otf */,
				21171CF11ADDF57800CDDFBD /* SourceSansPro-ExtraLight.otf */,
				21171CF21ADDF57800CDDFBD /* SourceSansPro-ExtraLightIt.otf */,
				21171CF31ADDF57800CDDFBD /* SourceSansPro-It.otf */,
				21171CF41ADDF57800CDDFBD /* SourceSansPro-Light.otf */,
				21171CF51ADDF57800CDDFBD /* SourceSansPro-LightIt.otf */,
				21171CF61ADDF57800CDDFBD /* SourceSansPro-Regular.otf */,
				21171CF71ADDF57800CDDFBD /* SourceSansPro-Semibold.otf */,
				21171CF81ADDF57800CDDFBD /* SourceSansPro-SemiboldIt.otf */,
			);
			path = "source-sans-pro";
			sourceTree = "<group>";
		};
		21171D061ADE002E00CDDFBD /* PT-Sans */ = {
			isa = PBXGroup;
			children = (
				21171D071ADE002E00CDDFBD /* Paratype PT Sans Free Font License.txt */,
				21171D081ADE002E00CDDFBD /* PTC55F.ttf */,
				21171D091ADE002E00CDDFBD /* PTC75F.ttf */,
				21171D0A1ADE002E00CDDFBD /* PTN57F.ttf */,
				21171D0B1ADE002E00CDDFBD /* PTN77F.ttf */,
				21171D0C1ADE002E00CDDFBD /* PTS55F.ttf */,
				21171D0D1ADE002E00CDDFBD /* PTS56F.ttf */,
				21171D0E1ADE002E00CDDFBD /* PTS75F.ttf */,
				21171D0F1ADE002E00CDDFBD /* PTS76F.ttf */,
			);
			path = "PT-Sans";
			sourceTree = "<group>";
		};
		214C5DA71A8D6186009BC7F0 /* Models */ = {
			isa = PBXGroup;
			children = (
				21BAFE3C1ACE1D11003F5ADD /* DILArtistCollectionViewModel.h */,
				21BAFE3D1ACE1D11003F5ADD /* DILArtistCollectionViewModel.m */,
				2159BC2E1ACB7CB000D48F5F /* DILFakeDataGenerator.h */,
				2159BC2F1ACB7CB000D48F5F /* DILFakeDataGenerator.m */,
				210A81691AC626DD0091C134 /* DILLineupCollectionViewModel.h */,
				210A816A1AC626DD0091C134 /* DILLineupCollectionViewModel.m */,
				210A815F1AC6009B0091C134 /* DILNotificationsTableViewModel.h */,
				210A81601AC6009B0091C134 /* DILNotificationsTableViewModel.m */,
				217A8EE31AD89B2C0046F45F /* DILPushNotificationHandler.h */,
				217A8EE41AD89B2C0046F45F /* DILPushNotificationHandler.m */,
				217A8EE61AD89B5C0046F45F /* DILNotification.h */,
				217A8EE71AD89B5C0046F45F /* DILNotification.m */,
				21E7B1DA1AF9954900FAD992 /* PFNotification.h */,
				21E7B1DB1AF9954900FAD992 /* PFNotification.m */,
				21C4C10C1AC74C9900AE4561 /* DILPFArtist.h */,
				21C4C10D1AC74C9900AE4561 /* DILPFArtist.m */,
				21E6976A1AF4359A00494FA9 /* DILPFMap.h */,
				21E6976B1AF4359A00494FA9 /* DILPFMap.m */,
				216D64E31AF8121600C91D5F /* DILPFShuttleSchedule.h */,
				216D64E41AF8121600C91D5F /* DILPFShuttleSchedule.m */,
				21C4C10F1AC74F8C00AE4561 /* DILPFSponsor.h */,
				21C4C1101AC74F8C00AE4561 /* DILPFSponsor.m */,
				21C4C1121AC750EE00AE4561 /* DILPFStage.h */,
				21C4C1131AC750EE00AE4561 /* DILPFStage.m */,
				2159BC351ACC422000D48F5F /* DILFollowArtist.h */,
				2159BC361ACC422000D48F5F /* DILFollowArtist.m */,
				21EEC9291AD61A1B00C968E9 /* DILParseClassGeneration.h */,
				21EEC92A1AD61A1B00C968E9 /* DILParseClassGeneration.m */,
			);
			path = Models;
			sourceTree = "<group>";
		};
		2159BC341ACB8C4200D48F5F /* NSDate+Utilities */ = {
			isa = PBXGroup;
			children = (
				2159BC321ACB8C3E00D48F5F /* NSDate+Utilities.h */,
				2159BC311ACB8C3E00D48F5F /* NSDate+Utilities.m */,
			);
			path = "NSDate+Utilities";
			sourceTree = "<group>";
		};
		21636D101B0A5787000B0F7F /* PBYoutubeVideoViewController */ = {
			isa = PBXGroup;
			children = (
				21636D111B0A5787000B0F7F /* PBYouTubeVideoView.html */,
				21636D121B0A5787000B0F7F /* PBYouTubeVideoViewController.h */,
				21636D131B0A5787000B0F7F /* PBYouTubeVideoViewController.m */,
			);
			name = PBYoutubeVideoViewController;
			path = PBYouTubeVideoViewController/Library;
			sourceTree = "<group>";
		};
		217946A31A87C96100224737 = {
			isa = PBXGroup;
			children = (
				214C5DA71A8D6186009BC7F0 /* Models */,
				217946E61A88004B00224737 /* Views */,
				217946D51A87FAAC00224737 /* Controllers */,
				217946E71A88005200224737 /* Components */,
				217946AE1A87C96100224737 /* Dillo Day */,
				217946C81A87C96100224737 /* Dillo DayTests */,
				217946AD1A87C96100224737 /* Products */,
				129CA9EBF89302FBF1C892F3 /* Frameworks */,
				37FFA1109EA540F1D32AF72D /* Pods */,
			);
			sourceTree = "<group>";
		};
		217946AD1A87C96100224737 /* Products */ = {
			isa = PBXGroup;
			children = (
				217946AC1A87C96100224737 /* Dillo Day.app */,
				217946C51A87C96100224737 /* Dillo DayTests.xctest */,
			);
			name = Products;
			sourceTree = "<group>";
		};
		217946AE1A87C96100224737 /* Dillo Day */ = {
			isa = PBXGroup;
			children = (
				216D64E11AF8100D00C91D5F /* Images.xcassets */,
				21171D061ADE002E00CDDFBD /* PT-Sans */,
				21171CEB1ADDF57800CDDFBD /* source-sans-pro */,
				21171CE91ADDF4CB00CDDFBD /* DilloDayStyleKit.h */,
				21171CE81ADDF4CB00CDDFBD /* DilloDayStyleKit.m */,
				21DEA9861AD48FD900987379 /* Categories */,
				217D91C91A9DAA25006F3ABB /* DDPrefixHeader.pch */,
				217D91D21A9E65F0006F3ABB /* DDConstants.h */,
				217D91D31A9E65F0006F3ABB /* DDConstants.m */,
				217946B31A87C96100224737 /* AppDelegate.h */,
				217946B41A87C96100224737 /* AppDelegate.m */,
				217946BE1A87C96100224737 /* LaunchScreen.xib */,
				217946AF1A87C96100224737 /* Supporting Files */,
			);
			path = "Dillo Day";
			sourceTree = "<group>";
		};
		217946AF1A87C96100224737 /* Supporting Files */ = {
			isa = PBXGroup;
			children = (
				211A11D21AF03913008EB8C1 /* storehouse.plist */,
				217946B01A87C96100224737 /* Info.plist */,
				217946B11A87C96100224737 /* main.m */,
			);
			path = "Supporting Files";
			sourceTree = "<group>";
		};
		217946C81A87C96100224737 /* Dillo DayTests */ = {
			isa = PBXGroup;
			children = (
				217946CB1A87C96100224737 /* Dillo_DayTests.m */,
				217946C91A87C96100224737 /* Supporting Files */,
			);
			path = "Dillo DayTests";
			sourceTree = "<group>";
		};
		217946C91A87C96100224737 /* Supporting Files */ = {
			isa = PBXGroup;
			children = (
				217946CA1A87C96100224737 /* Info.plist */,
			);
			path = "Supporting Files";
			sourceTree = "<group>";
		};
		217946D51A87FAAC00224737 /* Controllers */ = {
			isa = PBXGroup;
			children = (
				216487501AF82DA3002D785C /* DILShuttleScheduleViewController.h */,
				216487511AF82DA3002D785C /* DILShuttleScheduleViewController.m */,
				210A815C1AC5FFE80091C134 /* DILNotificationsViewController.h */,
				210A81671AC625A80091C134 /* DILLineupViewController.m */,
				94BE925E1EA8641E009B7A72 /* DILLineupCellViewController.h */,
				94BE925F1EA8641E009B7A72 /* DILLineupCellViewController.m */,
				210A815D1AC5FFE80091C134 /* DILNotificationsViewController.m */,
				210A81661AC625A80091C134 /* DILLineupViewController.h */,
				21BAFE391ACE1C49003F5ADD /* DILArtistViewController.h */,
				21BAFE3A1ACE1C49003F5ADD /* DILArtistViewController.m */,
				210FBBDF1AF73951009896D2 /* DILMapViewController.h */,
				210FBBE01AF73951009896D2 /* DILMapViewController.m */,
				210FE30A1AD78E32009BC3DE /* DILHelpViewController.h */,
				210FE30B1AD78E32009BC3DE /* DILHelpViewController.m */,
			);
			path = Controllers;
			sourceTree = "<group>";
		};
		217946E61A88004B00224737 /* Views */ = {
			isa = PBXGroup;
			children = (
				21A175881AE99AE20094E5C2 /* Stage Selection */,
				21D593901AEB30EA00339787 /* DILArtistInfo Cells */,
				21D5938F1AEB30DE00339787 /* DILLineup Cells */,
				210A81621AC609DA0091C134 /* DILNotificationHTKTableViewCell.h */,
				210A81631AC609DA0091C134 /* DILNotificationHTKTableViewCell.m */,
				214FD6D01AA55D9E001D6619 /* FMParallaxImageView.h */,
				214FD6D11AA55D9E001D6619 /* FMParallaxImageView.m */,
				21D593941AEC21B000339787 /* FMEParallaxImageView.h */,
				21D593951AEC21B000339787 /* FMEParallaxImageView.m */,
				215BB6721AEC38270062BA50 /* FMEParallaxPFImageView.h */,
				215BB6731AEC38270062BA50 /* FMEParallaxPFImageView.m */,
			);
			path = Views;
			sourceTree = "<group>";
		};
		217946E71A88005200224737 /* Components */ = {
			isa = PBXGroup;
			children = (
				21636D101B0A5787000B0F7F /* PBYoutubeVideoViewController */,
				210FE30D1AD795D2009BC3DE /* SVWebViewController */,
				219155511AD4BCA800FC61E8 /* CarbonTabSwipeNavigation */,
				21DEA9741AD436DF00987379 /* UIApplication + NetworkActivityIndicator */,
				2159BC341ACB8C4200D48F5F /* NSDate+Utilities */,
				21DEA9761AD44B1900987379 /* Dillo Day-Bridging-Header.h */,
			);
			name = Components;
			path = Controls;
			sourceTree = "<group>";
		};
		219155511AD4BCA800FC61E8 /* CarbonTabSwipeNavigation */ = {
			isa = PBXGroup;
			children = (
				219155521AD4BCA800FC61E8 /* CarbonTabSwipeNavigation.h */,
				219155531AD4BCA800FC61E8 /* CarbonTabSwipeNavigation.m */,
			);
			path = CarbonTabSwipeNavigation;
			sourceTree = "<group>";
		};
		21A175881AE99AE20094E5C2 /* Stage Selection */ = {
			isa = PBXGroup;
			children = (
				21A1757F1AE98F770094E5C2 /* DILStageSelectTitleView.h */,
				21A175801AE98F770094E5C2 /* DILStageSelectTitleView.m */,
				21A175851AE99ADA0094E5C2 /* DILStageSelectView.h */,
				21A175861AE99ADA0094E5C2 /* DILStageSelectView.m */,
				21C4AE411AE9C86D005A911E /* DILStageSelectTableViewCell.h */,
				21C4AE421AE9C86D005A911E /* DILStageSelectTableViewCell.m */,
			);
			name = "Stage Selection";
			sourceTree = "<group>";
		};
		21D5938F1AEB30DE00339787 /* DILLineup Cells */ = {
			isa = PBXGroup;
			children = (
				210A816C1AC629520091C134 /* DILLineupCenterTextCollectionViewCell.h */,
				210A816D1AC629520091C134 /* DILLineupCenterTextCollectionViewCell.m */,
				215BB66F1AEC31170062BA50 /* DILLineupParallaxCollectionViewCell.h */,
				215BB6701AEC31170062BA50 /* DILLineupParallaxCollectionViewCell.m */,
				21C4AE441AE9D4C1005A911E /* DILLineupCenterTextCollectionViewCellRadialShadowView.h */,
				21C4AE451AE9D4C1005A911E /* DILLineupCenterTextCollectionViewCellRadialShadowView.m */,
			);
			name = "DILLineup Cells";
			sourceTree = "<group>";
		};
		21D593901AEB30EA00339787 /* DILArtistInfo Cells */ = {
			isa = PBXGroup;
			children = (
				215675911AD05A2B006CA2F2 /* DILArtistMusicViewCell.h */,
				215675921AD05A2B006CA2F2 /* DILArtistMusicViewCell.m */,
				21BAFE361ACE15B1003F5ADD /* DILArtistStickyHeaderCollectionViewCell.h */,
				21BAFE371ACE15B1003F5ADD /* DILArtistStickyHeaderCollectionViewCell.m */,
				21D593911AEB388A00339787 /* DILArtistSponsorCollectionViewCell.h */,
				21D593921AEB388A00339787 /* DILArtistSponsorCollectionViewCell.m */,
				21BAFE3F1ACF1CB7003F5ADD /* DILArtistBioHTKCollectionViewCell.h */,
				21BAFE401ACF1CB7003F5ADD /* DILArtistBioHTKCollectionViewCell.m */,
			);
			name = "DILArtistInfo Cells";
			sourceTree = "<group>";
		};
		21DEA9741AD436DF00987379 /* UIApplication + NetworkActivityIndicator */ = {
			isa = PBXGroup;
			children = (
				21DEA9711AD436D000987379 /* UIApplication+NetworkActivityIndicator.h */,
				21DEA9721AD436D000987379 /* UIApplication+NetworkActivityIndicator.m */,
			);
			name = "UIApplication + NetworkActivityIndicator";
			sourceTree = "<group>";
		};
		21DEA9861AD48FD900987379 /* Categories */ = {
			isa = PBXGroup;
			children = (
				212028641AA8362B00E9E028 /* UIView+FindUIViewController.h */,
				212028651AA8362B00E9E028 /* UIView+FindUIViewController.m */,
				214FD6C81AA5542D001D6619 /* UIFont+SytemFontOverride.h */,
				214FD6C91AA5542D001D6619 /* UIFont+SytemFontOverride.m */,
			);
			name = Categories;
			sourceTree = "<group>";
		};
		37FFA1109EA540F1D32AF72D /* Pods */ = {
			isa = PBXGroup;
			children = (
				CF7F54AF6C3852EF381C7620 /* Pods-Dillo Day.debug.xcconfig */,
				26A1FCC74E4C91ABBE0A7CEB /* Pods-Dillo Day.release.xcconfig */,
				73C95C15E111A6C0657187FC /* Pods-Dillo DayTests.debug.xcconfig */,
				08DD7E9C54A26095BAD90348 /* Pods-Dillo DayTests.release.xcconfig */,
			);
			name = Pods;
			sourceTree = "<group>";
		};
/* End PBXGroup section */

/* Begin PBXNativeTarget section */
		217946AB1A87C96100224737 /* Dillo Day */ = {
			isa = PBXNativeTarget;
			buildConfigurationList = 217946CF1A87C96100224737 /* Build configuration list for PBXNativeTarget "Dillo Day" */;
			buildPhases = (
				716807DEFE09BEE1D6C81789 /* [CP] Check Pods Manifest.lock */,
				217946A81A87C96100224737 /* Sources */,
				217946A91A87C96100224737 /* Frameworks */,
				217946AA1A87C96100224737 /* Resources */,
				5E4C07379C584F17493B15FF /* [CP] Embed Pods Frameworks */,
				DE1590C2242947BEDB6519C0 /* [CP] Copy Pods Resources */,
			);
			buildRules = (
			);
			dependencies = (
			);
			name = "Dillo Day";
			productName = "Dillo Day";
			productReference = 217946AC1A87C96100224737 /* Dillo Day.app */;
			productType = "com.apple.product-type.application";
		};
		217946C41A87C96100224737 /* Dillo DayTests */ = {
			isa = PBXNativeTarget;
			buildConfigurationList = 217946D21A87C96100224737 /* Build configuration list for PBXNativeTarget "Dillo DayTests" */;
			buildPhases = (
				DA9DBC98F241DAFDE90A7961 /* [CP] Check Pods Manifest.lock */,
				217946C11A87C96100224737 /* Sources */,
				217946C21A87C96100224737 /* Frameworks */,
				217946C31A87C96100224737 /* Resources */,
				3F498F85F78DF37814541E9F /* [CP] Embed Pods Frameworks */,
				B8A72321E146F0555E96CF02 /* [CP] Copy Pods Resources */,
			);
			buildRules = (
			);
			dependencies = (
				217946C71A87C96100224737 /* PBXTargetDependency */,
			);
			name = "Dillo DayTests";
			productName = "Dillo DayTests";
			productReference = 217946C51A87C96100224737 /* Dillo DayTests.xctest */;
			productType = "com.apple.product-type.bundle.unit-test";
		};
/* End PBXNativeTarget section */

/* Begin PBXProject section */
		217946A41A87C96100224737 /* Project object */ = {
			isa = PBXProject;
			attributes = {
				LastUpgradeCheck = 0610;
				ORGANIZATIONNAME = Mayfest;
				TargetAttributes = {
					217946AB1A87C96100224737 = {
						CreatedOnToolsVersion = 6.1.1;
						DevelopmentTeam = JXY4XE6W27;
						SystemCapabilities = {
							com.apple.BackgroundModes = {
								enabled = 1;
							};
							com.apple.InAppPurchase = {
								enabled = 0;
							};
						};
					};
					217946C41A87C96100224737 = {
						CreatedOnToolsVersion = 6.1.1;
						TestTargetID = 217946AB1A87C96100224737;
					};
				};
			};
			buildConfigurationList = 217946A71A87C96100224737 /* Build configuration list for PBXProject "Dillo Day" */;
			compatibilityVersion = "Xcode 3.2";
			developmentRegion = English;
			hasScannedForEncodings = 0;
			knownRegions = (
				en,
				Base,
				da,
				de,
				"es-ES",
				es,
				fr,
				ja,
				pt,
				"zh-Hans",
				"zh-Hant",
			);
			mainGroup = 217946A31A87C96100224737;
			productRefGroup = 217946AD1A87C96100224737 /* Products */;
			projectDirPath = "";
			projectRoot = "";
			targets = (
				217946AB1A87C96100224737 /* Dillo Day */,
				217946C41A87C96100224737 /* Dillo DayTests */,
			);
		};
/* End PBXProject section */

/* Begin PBXResourcesBuildPhase section */
		217946AA1A87C96100224737 /* Resources */ = {
			isa = PBXResourcesBuildPhase;
			buildActionMask = 2147483647;
			files = (
				21171D011ADDF57800CDDFBD /* SourceSansPro-Light.otf in Resources */,
				21171D031ADDF57800CDDFBD /* SourceSansPro-Regular.otf in Resources */,
				21171D001ADDF57800CDDFBD /* SourceSansPro-It.otf in Resources */,
				21171D111ADE002E00CDDFBD /* PTC55F.ttf in Resources */,
				21171D041ADDF57800CDDFBD /* SourceSansPro-Semibold.otf in Resources */,
				211A11D31AF03913008EB8C1 /* storehouse.plist in Resources */,
				210FE3351AD795D2009BC3DE /* SVWebViewControllerActivitySafari-iPad.png in Resources */,
				21171CFD1ADDF57800CDDFBD /* SourceSansPro-BoldIt.otf in Resources */,
				21171CFC1ADDF57800CDDFBD /* SourceSansPro-Bold.otf in Resources */,
				210FE3381AD795D2009BC3DE /* SVWebViewControllerActivitySafari@2x.png in Resources */,
				210FE3341AD795D2009BC3DE /* SVWebViewControllerActivityChrome@2x.png in Resources */,
				216D64E21AF8100D00C91D5F /* Images.xcassets in Resources */,
				217946C01A87C96100224737 /* LaunchScreen.xib in Resources */,
				210FE32F1AD795D2009BC3DE /* SVWebViewController.bundle in Resources */,
				21171CF91ADDF57800CDDFBD /* SIL Open Font License.txt in Resources */,
				21171D161ADE002E00CDDFBD /* PTS56F.ttf in Resources */,
				210FE3361AD795D2009BC3DE /* SVWebViewControllerActivitySafari-iPad@2x.png in Resources */,
				210FE32D1AD795D2009BC3DE /* SVWebViewController.strings in Resources */,
				21171D021ADDF57800CDDFBD /* SourceSansPro-LightIt.otf in Resources */,
				21171D131ADE002E00CDDFBD /* PTN57F.ttf in Resources */,
				21171CFE1ADDF57800CDDFBD /* SourceSansPro-ExtraLight.otf in Resources */,
				21171D101ADE002E00CDDFBD /* Paratype PT Sans Free Font License.txt in Resources */,
				21171D121ADE002E00CDDFBD /* PTC75F.ttf in Resources */,
				21171CFF1ADDF57800CDDFBD /* SourceSansPro-ExtraLightIt.otf in Resources */,
				21171CFB1ADDF57800CDDFBD /* SourceSansPro-BlackIt.otf in Resources */,
				21171D181ADE002E00CDDFBD /* PTS76F.ttf in Resources */,
				21171D051ADDF57800CDDFBD /* SourceSansPro-SemiboldIt.otf in Resources */,
				21171D171ADE002E00CDDFBD /* PTS75F.ttf in Resources */,
				210FE3311AD795D2009BC3DE /* SVWebViewControllerActivityChrome-iPad.png in Resources */,
				21171D151ADE002E00CDDFBD /* PTS55F.ttf in Resources */,
				21171CFA1ADDF57800CDDFBD /* SourceSansPro-Black.otf in Resources */,
				21636D1D1B0A5787000B0F7F /* PBYouTubeVideoView.html in Resources */,
				210FE3321AD795D2009BC3DE /* SVWebViewControllerActivityChrome-iPad@2x.png in Resources */,
				21171D141ADE002E00CDDFBD /* PTN77F.ttf in Resources */,
			);
			runOnlyForDeploymentPostprocessing = 0;
		};
		217946C31A87C96100224737 /* Resources */ = {
			isa = PBXResourcesBuildPhase;
			buildActionMask = 2147483647;
			files = (
			);
			runOnlyForDeploymentPostprocessing = 0;
		};
/* End PBXResourcesBuildPhase section */

/* Begin PBXShellScriptBuildPhase section */
		3F498F85F78DF37814541E9F /* [CP] Embed Pods Frameworks */ = {
			isa = PBXShellScriptBuildPhase;
			buildActionMask = 2147483647;
			files = (
			);
			inputPaths = (
			);
			name = "[CP] Embed Pods Frameworks";
			outputPaths = (
			);
			runOnlyForDeploymentPostprocessing = 0;
			shellPath = /bin/sh;
			shellScript = "\"${SRCROOT}/Pods/Target Support Files/Pods-Dillo DayTests/Pods-Dillo DayTests-frameworks.sh\"\n";
			showEnvVarsInLog = 0;
		};
		5E4C07379C584F17493B15FF /* [CP] Embed Pods Frameworks */ = {
			isa = PBXShellScriptBuildPhase;
			buildActionMask = 2147483647;
			files = (
			);
			inputPaths = (
			);
			name = "[CP] Embed Pods Frameworks";
			outputPaths = (
			);
			runOnlyForDeploymentPostprocessing = 0;
			shellPath = /bin/sh;
			shellScript = "\"${SRCROOT}/Pods/Target Support Files/Pods-Dillo Day/Pods-Dillo Day-frameworks.sh\"\n";
			showEnvVarsInLog = 0;
		};
		716807DEFE09BEE1D6C81789 /* [CP] Check Pods Manifest.lock */ = {
			isa = PBXShellScriptBuildPhase;
			buildActionMask = 2147483647;
			files = (
			);
			inputPaths = (
			);
			name = "[CP] Check Pods Manifest.lock";
			outputPaths = (
			);
			runOnlyForDeploymentPostprocessing = 0;
			shellPath = /bin/sh;
			shellScript = "diff \"${PODS_ROOT}/../Podfile.lock\" \"${PODS_ROOT}/Manifest.lock\" > /dev/null\nif [ $? != 0 ] ; then\n    # print error to STDERR\n    echo \"error: The sandbox is not in sync with the Podfile.lock. Run 'pod install' or update your CocoaPods installation.\" >&2\n    exit 1\nfi\n";
			showEnvVarsInLog = 0;
		};
		B8A72321E146F0555E96CF02 /* [CP] Copy Pods Resources */ = {
			isa = PBXShellScriptBuildPhase;
			buildActionMask = 2147483647;
			files = (
			);
			inputPaths = (
			);
			name = "[CP] Copy Pods Resources";
			outputPaths = (
			);
			runOnlyForDeploymentPostprocessing = 0;
			shellPath = /bin/sh;
			shellScript = "\"${SRCROOT}/Pods/Target Support Files/Pods-Dillo DayTests/Pods-Dillo DayTests-resources.sh\"\n";
			showEnvVarsInLog = 0;
		};
		DA9DBC98F241DAFDE90A7961 /* [CP] Check Pods Manifest.lock */ = {
			isa = PBXShellScriptBuildPhase;
			buildActionMask = 2147483647;
			files = (
			);
			inputPaths = (
			);
			name = "[CP] Check Pods Manifest.lock";
			outputPaths = (
			);
			runOnlyForDeploymentPostprocessing = 0;
			shellPath = /bin/sh;
			shellScript = "diff \"${PODS_ROOT}/../Podfile.lock\" \"${PODS_ROOT}/Manifest.lock\" > /dev/null\nif [ $? != 0 ] ; then\n    # print error to STDERR\n    echo \"error: The sandbox is not in sync with the Podfile.lock. Run 'pod install' or update your CocoaPods installation.\" >&2\n    exit 1\nfi\n";
			showEnvVarsInLog = 0;
		};
		DE1590C2242947BEDB6519C0 /* [CP] Copy Pods Resources */ = {
			isa = PBXShellScriptBuildPhase;
			buildActionMask = 2147483647;
			files = (
			);
			inputPaths = (
			);
			name = "[CP] Copy Pods Resources";
			outputPaths = (
			);
			runOnlyForDeploymentPostprocessing = 0;
			shellPath = /bin/sh;
			shellScript = "\"${SRCROOT}/Pods/Target Support Files/Pods-Dillo Day/Pods-Dillo Day-resources.sh\"\n";
			showEnvVarsInLog = 0;
		};
/* End PBXShellScriptBuildPhase section */

/* Begin PBXSourcesBuildPhase section */
		217946A81A87C96100224737 /* Sources */ = {
			isa = PBXSourcesBuildPhase;
			buildActionMask = 2147483647;
			files = (
				21BAFE3E1ACE1D11003F5ADD /* DILArtistCollectionViewModel.m in Sources */,
				21D593961AEC21B000339787 /* FMEParallaxImageView.m in Sources */,
				219155541AD4BCA800FC61E8 /* CarbonTabSwipeNavigation.m in Sources */,
				210FE3371AD795D2009BC3DE /* SVWebViewControllerActivitySafari.m in Sources */,
				217A8EE51AD89B2C0046F45F /* DILPushNotificationHandler.m in Sources */,
				210A81681AC625A80091C134 /* DILLineupViewController.m in Sources */,
				210FE3391AD795D2009BC3DE /* SVWebViewControllerActivity.m in Sources */,
				210FE3301AD795D2009BC3DE /* SVWebViewController.m in Sources */,
				210FBBE11AF73951009896D2 /* DILMapViewController.m in Sources */,
				94BE92601EA8641E009B7A72 /* DILLineupCellViewController.m in Sources */,
				212028661AA8362B00E9E028 /* UIView+FindUIViewController.m in Sources */,
				217946B51A87C96100224737 /* AppDelegate.m in Sources */,
				21C4C1141AC750EE00AE4561 /* DILPFStage.m in Sources */,
				21BAFE411ACF1CB7003F5ADD /* DILArtistBioHTKCollectionViewCell.m in Sources */,
				215BB6741AEC38270062BA50 /* FMEParallaxPFImageView.m in Sources */,
				214FD6CA1AA5542D001D6619 /* UIFont+SytemFontOverride.m in Sources */,
				215BB6711AEC31170062BA50 /* DILLineupParallaxCollectionViewCell.m in Sources */,
				21636D1E1B0A5787000B0F7F /* PBYouTubeVideoViewController.m in Sources */,
				210FE3331AD795D2009BC3DE /* SVWebViewControllerActivityChrome.m in Sources */,
				217A8EE81AD89B5C0046F45F /* DILNotification.m in Sources */,
				21EEC92B1AD61A1B00C968E9 /* DILParseClassGeneration.m in Sources */,
				210A816E1AC629520091C134 /* DILLineupCenterTextCollectionViewCell.m in Sources */,
				2159BC331ACB8C3E00D48F5F /* NSDate+Utilities.m in Sources */,
				2159BC301ACB7CB000D48F5F /* DILFakeDataGenerator.m in Sources */,
				21171CEA1ADDF4CB00CDDFBD /* DilloDayStyleKit.m in Sources */,
				217946B21A87C96100224737 /* main.m in Sources */,
				210A816B1AC626DD0091C134 /* DILLineupCollectionViewModel.m in Sources */,
				217D91D41A9E65F0006F3ABB /* DDConstants.m in Sources */,
				21E7B1DC1AF9954900FAD992 /* PFNotification.m in Sources */,
				216487521AF82DA3002D785C /* DILShuttleScheduleViewController.m in Sources */,
				21C4AE431AE9C86D005A911E /* DILStageSelectTableViewCell.m in Sources */,
				21A175811AE98F770094E5C2 /* DILStageSelectTitleView.m in Sources */,
				21C4C1111AC74F8C00AE4561 /* DILPFSponsor.m in Sources */,
				21C4AE461AE9D4C1005A911E /* DILLineupCenterTextCollectionViewCellRadialShadowView.m in Sources */,
				21E6976C1AF4359A00494FA9 /* DILPFMap.m in Sources */,
				21BAFE3B1ACE1C49003F5ADD /* DILArtistViewController.m in Sources */,
				21D593931AEB388A00339787 /* DILArtistSponsorCollectionViewCell.m in Sources */,
				210FE32E1AD795D2009BC3DE /* SVModalWebViewController.m in Sources */,
				21BAFE381ACE15B1003F5ADD /* DILArtistStickyHeaderCollectionViewCell.m in Sources */,
				21A175871AE99ADA0094E5C2 /* DILStageSelectView.m in Sources */,
				214FD6D21AA55D9E001D6619 /* FMParallaxImageView.m in Sources */,
				216D64E51AF8121600C91D5F /* DILPFShuttleSchedule.m in Sources */,
				210FE30C1AD78E32009BC3DE /* DILHelpViewController.m in Sources */,
				21DEA9731AD436D000987379 /* UIApplication+NetworkActivityIndicator.m in Sources */,
				21C4C10E1AC74C9900AE4561 /* DILPFArtist.m in Sources */,
				210A81611AC6009B0091C134 /* DILNotificationsTableViewModel.m in Sources */,
				210A81641AC609DA0091C134 /* DILNotificationHTKTableViewCell.m in Sources */,
				215675931AD05A2B006CA2F2 /* DILArtistMusicViewCell.m in Sources */,
				210A815E1AC5FFE80091C134 /* DILNotificationsViewController.m in Sources */,
				2159BC371ACC422000D48F5F /* DILFollowArtist.m in Sources */,
			);
			runOnlyForDeploymentPostprocessing = 0;
		};
		217946C11A87C96100224737 /* Sources */ = {
			isa = PBXSourcesBuildPhase;
			buildActionMask = 2147483647;
			files = (
				217946CC1A87C96100224737 /* Dillo_DayTests.m in Sources */,
			);
			runOnlyForDeploymentPostprocessing = 0;
		};
/* End PBXSourcesBuildPhase section */

/* Begin PBXTargetDependency section */
		217946C71A87C96100224737 /* PBXTargetDependency */ = {
			isa = PBXTargetDependency;
			target = 217946AB1A87C96100224737 /* Dillo Day */;
			targetProxy = 217946C61A87C96100224737 /* PBXContainerItemProxy */;
		};
/* End PBXTargetDependency section */

/* Begin PBXVariantGroup section */
		210FE30E1AD795D2009BC3DE /* SVWebViewController.strings */ = {
			isa = PBXVariantGroup;
			children = (
				210FE30F1AD795D2009BC3DE /* da */,
				210FE3101AD795D2009BC3DE /* de */,
				210FE3111AD795D2009BC3DE /* en */,
				210FE3121AD795D2009BC3DE /* es-ES */,
				210FE3131AD795D2009BC3DE /* es */,
				210FE3141AD795D2009BC3DE /* fr */,
				210FE3151AD795D2009BC3DE /* ja */,
				210FE3161AD795D2009BC3DE /* pt */,
				210FE32B1AD795D2009BC3DE /* zh-Hans */,
				210FE32C1AD795D2009BC3DE /* zh-Hant */,
			);
			name = SVWebViewController.strings;
			sourceTree = "<group>";
		};
		217946BE1A87C96100224737 /* LaunchScreen.xib */ = {
			isa = PBXVariantGroup;
			children = (
				217946BF1A87C96100224737 /* Base */,
			);
			name = LaunchScreen.xib;
			sourceTree = "<group>";
		};
/* End PBXVariantGroup section */

/* Begin XCBuildConfiguration section */
		217946CD1A87C96100224737 /* Debug */ = {
			isa = XCBuildConfiguration;
			buildSettings = {
				ALWAYS_SEARCH_USER_PATHS = NO;
				CLANG_CXX_LANGUAGE_STANDARD = "gnu++0x";
				CLANG_CXX_LIBRARY = "libc++";
				CLANG_ENABLE_MODULES = YES;
				CLANG_ENABLE_OBJC_ARC = YES;
				CLANG_WARN_BOOL_CONVERSION = YES;
				CLANG_WARN_CONSTANT_CONVERSION = YES;
				CLANG_WARN_DIRECT_OBJC_ISA_USAGE = YES_ERROR;
				CLANG_WARN_EMPTY_BODY = YES;
				CLANG_WARN_ENUM_CONVERSION = YES;
				CLANG_WARN_INT_CONVERSION = YES;
				CLANG_WARN_OBJC_ROOT_CLASS = YES_ERROR;
				CLANG_WARN_UNREACHABLE_CODE = YES;
				CLANG_WARN__DUPLICATE_METHOD_MATCH = YES;
				COPY_PHASE_STRIP = NO;
				ENABLE_STRICT_OBJC_MSGSEND = YES;
				GCC_C_LANGUAGE_STANDARD = gnu99;
				GCC_DYNAMIC_NO_PIC = NO;
				GCC_OPTIMIZATION_LEVEL = 0;
				GCC_PREPROCESSOR_DEFINITIONS = (
					"DEBUG=1",
					"$(inherited)",
				);
				GCC_SYMBOLS_PRIVATE_EXTERN = NO;
				GCC_WARN_64_TO_32_BIT_CONVERSION = YES;
				GCC_WARN_ABOUT_RETURN_TYPE = YES_ERROR;
				GCC_WARN_UNDECLARED_SELECTOR = YES;
				GCC_WARN_UNINITIALIZED_AUTOS = YES_AGGRESSIVE;
				GCC_WARN_UNUSED_FUNCTION = YES;
				GCC_WARN_UNUSED_VARIABLE = YES;
				IPHONEOS_DEPLOYMENT_TARGET = 8.1;
				MTL_ENABLE_DEBUG_INFO = YES;
				ONLY_ACTIVE_ARCH = YES;
				SDKROOT = iphoneos;
			};
			name = Debug;
		};
		217946CE1A87C96100224737 /* Release */ = {
			isa = XCBuildConfiguration;
			buildSettings = {
				ALWAYS_SEARCH_USER_PATHS = NO;
				CLANG_CXX_LANGUAGE_STANDARD = "gnu++0x";
				CLANG_CXX_LIBRARY = "libc++";
				CLANG_ENABLE_MODULES = YES;
				CLANG_ENABLE_OBJC_ARC = YES;
				CLANG_WARN_BOOL_CONVERSION = YES;
				CLANG_WARN_CONSTANT_CONVERSION = YES;
				CLANG_WARN_DIRECT_OBJC_ISA_USAGE = YES_ERROR;
				CLANG_WARN_EMPTY_BODY = YES;
				CLANG_WARN_ENUM_CONVERSION = YES;
				CLANG_WARN_INT_CONVERSION = YES;
				CLANG_WARN_OBJC_ROOT_CLASS = YES_ERROR;
				CLANG_WARN_UNREACHABLE_CODE = YES;
				CLANG_WARN__DUPLICATE_METHOD_MATCH = YES;
				COPY_PHASE_STRIP = YES;
				ENABLE_NS_ASSERTIONS = NO;
				ENABLE_STRICT_OBJC_MSGSEND = YES;
				GCC_C_LANGUAGE_STANDARD = gnu99;
				GCC_WARN_64_TO_32_BIT_CONVERSION = YES;
				GCC_WARN_ABOUT_RETURN_TYPE = YES_ERROR;
				GCC_WARN_UNDECLARED_SELECTOR = YES;
				GCC_WARN_UNINITIALIZED_AUTOS = YES_AGGRESSIVE;
				GCC_WARN_UNUSED_FUNCTION = YES;
				GCC_WARN_UNUSED_VARIABLE = YES;
				IPHONEOS_DEPLOYMENT_TARGET = 8.1;
				MTL_ENABLE_DEBUG_INFO = NO;
				SDKROOT = iphoneos;
				VALIDATE_PRODUCT = YES;
			};
			name = Release;
		};
		217946D01A87C96100224737 /* Debug */ = {
			isa = XCBuildConfiguration;
			baseConfigurationReference = CF7F54AF6C3852EF381C7620 /* Pods-Dillo Day.debug.xcconfig */;
			buildSettings = {
				ASSETCATALOG_COMPILER_APPICON_NAME = AppIcon;
				ASSETCATALOG_COMPILER_LAUNCHIMAGE_NAME = LaunchImage;
				CLANG_ENABLE_MODULES = YES;
				CODE_SIGN_IDENTITY = "iPhone Developer";
				"CODE_SIGN_IDENTITY[sdk=iphoneos*]" = "iPhone Developer";
				DEVELOPMENT_TEAM = JXY4XE6W27;
				ENABLE_BITCODE = NO;
				FRAMEWORK_SEARCH_PATHS = (
					"$(inherited)",
					"$(PROJECT_DIR)",
				);
				GCC_PREFIX_HEADER = "$(SRCROOT)/Dillo Day/DDPrefixHeader.pch";
				INFOPLIST_FILE = "Dillo Day/Supporting Files/Info.plist";
				IPHONEOS_DEPLOYMENT_TARGET = 8.0;
				LD_RUNPATH_SEARCH_PATHS = "$(inherited) @executable_path/Frameworks";
				OTHER_LDFLAGS = (
					$inherited,
					"-ObjC",
				);
				PRODUCT_BUNDLE_IDENTIFIER = com.mayfest.dilloday.production;
				PRODUCT_NAME = "$(TARGET_NAME)";
				PROVISIONING_PROFILE = "";
				SWIFT_OBJC_BRIDGING_HEADER = "Controls/Dillo Day-Bridging-Header.h";
				SWIFT_OPTIMIZATION_LEVEL = "-Onone";
			};
			name = Debug;
		};
		217946D11A87C96100224737 /* Release */ = {
			isa = XCBuildConfiguration;
			baseConfigurationReference = 26A1FCC74E4C91ABBE0A7CEB /* Pods-Dillo Day.release.xcconfig */;
			buildSettings = {
				ASSETCATALOG_COMPILER_APPICON_NAME = AppIcon;
				ASSETCATALOG_COMPILER_LAUNCHIMAGE_NAME = LaunchImage;
				CLANG_ENABLE_MODULES = YES;
				CODE_SIGN_IDENTITY = "iPhone Developer";
				"CODE_SIGN_IDENTITY[sdk=iphoneos*]" = "iPhone Developer";
				CODE__IDENTITY = "iPhone Developer";
				DEVELOPMENT_TEAM = JXY4XE6W27;
				ENABLE_BITCODE = NO;
				FRAMEWORK_SEARCH_PATHS = (
					"$(inherited)",
					"$(PROJECT_DIR)",
				);
				GCC_PREFIX_HEADER = "$(SRCROOT)/Dillo Day/DDPrefixHeader.pch";
				INFOPLIST_FILE = "Dillo Day/Supporting Files/Info.plist";
				IPHONEOS_DEPLOYMENT_TARGET = 8.0;
				LD_RUNPATH_SEARCH_PATHS = "$(inherited) @executable_path/Frameworks";
				OTHER_LDFLAGS = (
					$inherited,
					"-ObjC",
				);
				PRODUCT_BUNDLE_IDENTIFIER = com.mayfest.dilloday.production;
				PRODUCT_NAME = "$(TARGET_NAME)";
				PROVISIONING_PROFILE = "";
				SWIFT_OBJC_BRIDGING_HEADER = "Controls/Dillo Day-Bridging-Header.h";
			};
			name = Release;
		};
		217946D31A87C96100224737 /* Debug */ = {
			isa = XCBuildConfiguration;
			baseConfigurationReference = 73C95C15E111A6C0657187FC /* Pods-Dillo DayTests.debug.xcconfig */;
			buildSettings = {
				BUNDLE_LOADER = "$(TEST_HOST)";
				FRAMEWORK_SEARCH_PATHS = (
					"$(SDKROOT)/Developer/Library/Frameworks",
					"$(inherited)",
				);
				GCC_PREPROCESSOR_DEFINITIONS = (
					"DEBUG=1",
					"$(inherited)",
				);
				INFOPLIST_FILE = "Dillo DayTests/Supporting Files/Info.plist";
				LD_RUNPATH_SEARCH_PATHS = "$(inherited) @executable_path/Frameworks @loader_path/Frameworks";
				PRODUCT_NAME = "$(TARGET_NAME)";
				TEST_HOST = "$(BUILT_PRODUCTS_DIR)/Dillo Day.app/Dillo Day";
			};
			name = Debug;
		};
		217946D41A87C96100224737 /* Release */ = {
			isa = XCBuildConfiguration;
			baseConfigurationReference = 08DD7E9C54A26095BAD90348 /* Pods-Dillo DayTests.release.xcconfig */;
			buildSettings = {
				BUNDLE_LOADER = "$(TEST_HOST)";
				FRAMEWORK_SEARCH_PATHS = (
					"$(SDKROOT)/Developer/Library/Frameworks",
					"$(inherited)",
				);
				INFOPLIST_FILE = "Dillo DayTests/Supporting Files/Info.plist";
				LD_RUNPATH_SEARCH_PATHS = "$(inherited) @executable_path/Frameworks @loader_path/Frameworks";
				PRODUCT_NAME = "$(TARGET_NAME)";
				TEST_HOST = "$(BUILT_PRODUCTS_DIR)/Dillo Day.app/Dillo Day";
			};
			name = Release;
		};
/* End XCBuildConfiguration section */

/* Begin XCConfigurationList section */
		217946A71A87C96100224737 /* Build configuration list for PBXProject "Dillo Day" */ = {
			isa = XCConfigurationList;
			buildConfigurations = (
				217946CD1A87C96100224737 /* Debug */,
				217946CE1A87C96100224737 /* Release */,
			);
			defaultConfigurationIsVisible = 0;
			defaultConfigurationName = Release;
		};
		217946CF1A87C96100224737 /* Build configuration list for PBXNativeTarget "Dillo Day" */ = {
			isa = XCConfigurationList;
			buildConfigurations = (
				217946D01A87C96100224737 /* Debug */,
				217946D11A87C96100224737 /* Release */,
			);
			defaultConfigurationIsVisible = 0;
			defaultConfigurationName = Release;
		};
		217946D21A87C96100224737 /* Build configuration list for PBXNativeTarget "Dillo DayTests" */ = {
			isa = XCConfigurationList;
			buildConfigurations = (
				217946D31A87C96100224737 /* Debug */,
				217946D41A87C96100224737 /* Release */,
			);
			defaultConfigurationIsVisible = 0;
			defaultConfigurationName = Release;
		};
/* End XCConfigurationList section */
	};
	rootObject = 217946A41A87C96100224737 /* Project object */;
}
